{
  "originHash" : "706a318a26e57e359253a6b96025e1ed49a173f5dfcf0fa027dc65a639c0270c",
  "pins" : [
    {
      "identity" : "swiftevolution",
      "kind" : "remoteSourceControl",
      "location" : "https://github.com/davidscheutz/SwiftEvolution.git",
      "state" : {
        "branch" : "main",
        "revision" : "147091a43a1bb726d5ab16bf576a3babded7122e"
      }
    }
  ],
  "version" : 3
}
