{
  "originHash" : "01b2e73259c80eeb76201bec26b0a121bf4e9b63ff6f11910a692a8b4bef66a1",
  "pins" : [
    {
      "identity" : "keychain-swift",
      "kind" : "remoteSourceControl",
      "location" : "https://github.com/evgenyneu/keychain-swift",
      "state" : {
        "revision" : "5e1b02b6a9dac2a759a1d5dbc175c86bd192a608",
        "version" : "24.0.0"
      }
    },
    {
      "identity" : "swift-syntax",
      "kind" : "remoteSourceControl",
      "location" : "https://github.com/apple/swift-syntax.git",
      "state" : {
        "revision" : "64889f0c732f210a935a0ad7cda38f77f876262d",
        "version" : "509.1.1"
      }
    },
    {
      "identity" : "swiftcopy",
      "kind" : "remoteSourceControl",
      "location" : "https://github.com/davidscheutz/SwiftCopy.git",
      "state" : {
        "revision" : "f8641bb37efab57cdd2ccfb09071ba7f90129be7",
        "version" : "1.2.1"
      }
    },
    {
      "identity" : "swiftdependencycontainer",
      "kind" : "remoteSourceControl",
      "location" : "https://github.com/davidscheutz/SwiftDependencyContainer.git",
      "state" : {
        "branch" : "master",
        "revision" : "826a2f84e17158b889e4c95bf68b2f56fd23cb75"
      }
    },
    {
      "identity" : "swiftevolution",
      "kind" : "remoteSourceControl",
      "location" : "https://github.com/davidscheutz/SwiftEvolution.git",
      "state" : {
        "branch" : "main",
        "revision" : "0fc4402897ac4b06fc410754ce7f7f245f19cce2"
      }
    },
    {
      "identity" : "swiftudf",
      "kind" : "remoteSourceControl",
      "location" : "https://github.com/davidscheutz/SwiftUDF.git",
      "state" : {
        "branch" : "macros",
        "revision" : "5167d94b9745eb8860fb442ef094bc21e3c22827"
      }
    },
    {
      "identity" : "swiftui-infinite-navigation",
      "kind" : "remoteSourceControl",
      "location" : "https://github.com/davidscheutz/swiftui-infinite-navigation.git",
      "state" : {
        "revision" : "e63c9ea58de6baf075e2c2a2ad978eec2050db3e",
        "version" : "1.1.0"
      }
    }
  ],
  "version" : 3
}
