{
  "originHash" : "706a318a26e57e359253a6b96025e1ed49a173f5dfcf0fa027dc65a639c0270c",
  "pins" : [
    {
      "identity" : "swiftevolution",
      "kind" : "remoteSourceControl",
      "location" : "https://github.com/davidscheutz/SwiftEvolution.git",
      "state" : {
        "branch" : "main",
        "revision" : "2e6e37e4151ff4fee9bef1969eac44bc702d1be2"
      }
    }
  ],
  "version" : 3
}
