// !$*UTF8*$!
{
	archiveVersion = 1;
	classes = {
	};
	objectVersion = 60;
	objects = {

/* Begin PBXBuildFile section */
		B90509982B6708EC00D3DE33 /* TemplateApp.swift in Sources */ = {isa = PBXBuildFile; fileRef = B90509972B6708EC00D3DE33 /* TemplateApp.swift */; };
		B905099C2B6708EE00D3DE33 /* Assets.xcassets in Resources */ = {isa = PBXBuildFile; fileRef = B905099B2B6708EE00D3DE33 /* Assets.xcassets */; };
		B90509A02B6708EE00D3DE33 /* Preview Assets.xcassets in Resources */ = {isa = PBXBuildFile; fileRef = B905099F2B6708EE00D3DE33 /* Preview Assets.xcassets */; };
		B90509AA2B6708EE00D3DE33 /* TemplateTests.swift in Sources */ = {isa = PBXBuildFile; fileRef = B90509A92B6708EE00D3DE33 /* TemplateTests.swift */; };
		B927F04A2BAB9A8E001D88BB /* Core.framework in Frameworks */ = {isa = PBXBuildFile; fileRef = B927F0442BAB9A8E001D88BB /* Core.framework */; };
		B927F04B2BAB9A8E001D88BB /* Core.framework in Embed Frameworks */ = {isa = PBXBuildFile; fileRef = B927F0442BAB9A8E001D88BB /* Core.framework */; settings = {ATTRIBUTES = (CodeSignOnCopy, RemoveHeadersOnCopy, ); }; };
		B927F04F2BAB9AAC001D88BB /* LoadableListView.swift in Sources */ = {isa = PBXBuildFile; fileRef = B9D9C7C92B854F8500B15BA8 /* LoadableListView.swift */; };
		B927F0502BAB9AAC001D88BB /* PrimaryButton.swift in Sources */ = {isa = PBXBuildFile; fileRef = B9D9C7912B84480200B15BA8 /* PrimaryButton.swift */; };
		B927F0512BAB9AB2001D88BB /* Input.swift in Sources */ = {isa = PBXBuildFile; fileRef = B9D9C78D2B8403BB00B15BA8 /* Input.swift */; };
		B927F0522BAB9AB2001D88BB /* Inputable.swift in Sources */ = {isa = PBXBuildFile; fileRef = B9D9C7C52B85370800B15BA8 /* Inputable.swift */; };
		B927F0532BAB9AB2001D88BB /* TextInput.swift in Sources */ = {isa = PBXBuildFile; fileRef = B9D9C78F2B84046400B15BA8 /* TextInput.swift */; };
		B927F0552BAB9AFC001D88BB /* SwiftEvolution in Frameworks */ = {isa = PBXBuildFile; productRef = B927F0542BAB9AFC001D88BB /* SwiftEvolution */; };
		B936DCB12B8E89160087AA5F /* InfiniteNavigation in Frameworks */ = {isa = PBXBuildFile; productRef = B936DCB02B8E89160087AA5F /* InfiniteNavigation */; };
		B93AF5232BACC89200204C06 /* BannerView.swift in Sources */ = {isa = PBXBuildFile; fileRef = B998391C2B69B701003E87A9 /* BannerView.swift */; };
		B93AF5242BACC89200204C06 /* BannerView+Present.swift in Sources */ = {isa = PBXBuildFile; fileRef = B9268E9F2B6C637100E8F15F /* BannerView+Present.swift */; };
		B93AF5252BACC89200204C06 /* BannerManager.swift in Sources */ = {isa = PBXBuildFile; fileRef = B9268E9D2B6C587E00E8F15F /* BannerManager.swift */; };
		B93AF52E2BACDF3400204C06 /* SwiftDependencyContainer in Frameworks */ = {isa = PBXBuildFile; productRef = B93AF52D2BACDF3400204C06 /* SwiftDependencyContainer */; };
		B9858BC32BAE5C1C00DE5BF7 /* OnboardingNavigation.swift in Sources */ = {isa = PBXBuildFile; fileRef = B93AF52B2BACD67A00204C06 /* OnboardingNavigation.swift */; };
		B9858BC42BAE5C2400DE5BF7 /* LoginModel.swift in Sources */ = {isa = PBXBuildFile; fileRef = B9D9C78B2B83917A00B15BA8 /* LoginModel.swift */; };
		B9858BC52BAE5C2400DE5BF7 /* LoginLoop.swift in Sources */ = {isa = PBXBuildFile; fileRef = B9D9C7892B83917300B15BA8 /* LoginLoop.swift */; };
		B9858BC62BAE5C2400DE5BF7 /* LoginView.swift in Sources */ = {isa = PBXBuildFile; fileRef = B9D9C7872B83915C00B15BA8 /* LoginView.swift */; };
		B9858BC72BAE5C2700DE5BF7 /* MainNavigation.swift in Sources */ = {isa = PBXBuildFile; fileRef = B93AF5292BACD64200204C06 /* MainNavigation.swift */; };
		B9858BC82BAE5C2D00DE5BF7 /* ListLoop.swift in Sources */ = {isa = PBXBuildFile; fileRef = B90509D92B671A8900D3DE33 /* ListLoop.swift */; };
		B9858BC92BAE5C2D00DE5BF7 /* ListView.swift in Sources */ = {isa = PBXBuildFile; fileRef = B90509992B6708EC00D3DE33 /* ListView.swift */; };
		B9858BCA2BAE5C2D00DE5BF7 /* ListModels.swift in Sources */ = {isa = PBXBuildFile; fileRef = B90509DB2B671B4600D3DE33 /* ListModels.swift */; };
		B9858BCB2BAE5C3400DE5BF7 /* DetailLoop.swift in Sources */ = {isa = PBXBuildFile; fileRef = B9D9C7802B830FE900B15BA8 /* DetailLoop.swift */; };
		B9858BCC2BAE5C3400DE5BF7 /* DetailView.swift in Sources */ = {isa = PBXBuildFile; fileRef = B9D9C7842B838F3A00B15BA8 /* DetailView.swift */; };
		B9858BCD2BAE5C3400DE5BF7 /* DetailModel.swift in Sources */ = {isa = PBXBuildFile; fileRef = B9D9C7822B838DC100B15BA8 /* DetailModel.swift */; };
		B9858BCE2BAE5C3900DE5BF7 /* CreateLoop.swift in Sources */ = {isa = PBXBuildFile; fileRef = B9B645A32B8EDDDE00FBE7CF /* CreateLoop.swift */; };
		B9858BCF2BAE5C3900DE5BF7 /* CreateModels.swift in Sources */ = {isa = PBXBuildFile; fileRef = B9B645A12B8EDDD700FBE7CF /* CreateModels.swift */; };
		B9858BD02BAE5C3900DE5BF7 /* CreateView.swift in Sources */ = {isa = PBXBuildFile; fileRef = B9B6459F2B8EDDBF00FBE7CF /* CreateView.swift */; };
		B9858BD22BAE5C6200DE5BF7 /* SwiftUDF in Frameworks */ = {isa = PBXBuildFile; productRef = B9858BD12BAE5C6200DE5BF7 /* SwiftUDF */; };
		B9858BD42BAE5C7700DE5BF7 /* SwiftCodeGen in Frameworks */ = {isa = PBXBuildFile; productRef = B9858BD32BAE5C7700DE5BF7 /* SwiftCodeGen */; };
		B9858BD62BAE5C9E00DE5BF7 /* SwiftCopy in Frameworks */ = {isa = PBXBuildFile; productRef = B9858BD52BAE5C9E00DE5BF7 /* SwiftCopy */; };
		B9908E222B7B1418009D1309 /* SwiftDependencyContainer in Frameworks */ = {isa = PBXBuildFile; productRef = B9908E212B7B1418009D1309 /* SwiftDependencyContainer */; };
		B99816E72BAB9B6400349606 /* Completion.swift in Sources */ = {isa = PBXBuildFile; fileRef = B99816E42BAB9B6400349606 /* Completion.swift */; };
		B99816E82BAB9B6400349606 /* LoadableData.swift in Sources */ = {isa = PBXBuildFile; fileRef = B99816E52BAB9B6400349606 /* LoadableData.swift */; };
		B99816E92BAB9B8B00349606 /* Appearance.swift in Sources */ = {isa = PBXBuildFile; fileRef = B9D9C79E2B85008300B15BA8 /* Appearance.swift */; };
		B99816FA2BABA66D00349606 /* Api.swift in Sources */ = {isa = PBXBuildFile; fileRef = B9908E252B7B216F009D1309 /* Api.swift */; };
		B99816FB2BABA66D00349606 /* AuthenticationManager.swift in Sources */ = {isa = PBXBuildFile; fileRef = B9D9C77E2B830DBF00B15BA8 /* AuthenticationManager.swift */; };
		B99816FC2BABA66D00349606 /* TodosService.swift in Sources */ = {isa = PBXBuildFile; fileRef = B908F7062B918560006FD099 /* TodosService.swift */; };
		B99816FD2BABA66D00349606 /* Storage.swift in Sources */ = {isa = PBXBuildFile; fileRef = B99839202B69B845003E87A9 /* Storage.swift */; };
		B99816FE2BABA66D00349606 /* UserDefaults+Storage.swift in Sources */ = {isa = PBXBuildFile; fileRef = B99839232B69B9F3003E87A9 /* UserDefaults+Storage.swift */; };
		B99817012BABA6C300349606 /* Todo.swift in Sources */ = {isa = PBXBuildFile; fileRef = B99817002BABA6C300349606 /* Todo.swift */; };
		B99817022BABA84700349606 /* Colors.xcassets in Resources */ = {isa = PBXBuildFile; fileRef = B9D9C7972B84F1B200B15BA8 /* Colors.xcassets */; };
		B998170B2BABD2BC00349606 /* SwiftCopy in Frameworks */ = {isa = PBXBuildFile; productRef = B998170A2BABD2BC00349606 /* SwiftCopy */; };
		B998391F2B69B71B003E87A9 /* Dependencies.swift in Sources */ = {isa = PBXBuildFile; fileRef = B998391E2B69B71B003E87A9 /* Dependencies.swift */; };
		B9D9C7762B7FB39100B15BA8 /* SwiftDependencyContainer in Frameworks */ = {isa = PBXBuildFile; productRef = B9D9C7752B7FB39100B15BA8 /* SwiftDependencyContainer */; };
		B9D9C7D42B8562CC00B15BA8 /* Navigation.swift in Sources */ = {isa = PBXBuildFile; fileRef = B9D9C7D32B8562CC00B15BA8 /* Navigation.swift */; };
/* End PBXBuildFile section */

/* Begin PBXContainerItemProxy section */
		B90509A62B6708EE00D3DE33 /* PBXContainerItemProxy */ = {
			isa = PBXContainerItemProxy;
			containerPortal = B905098C2B6708EC00D3DE33 /* Project object */;
			proxyType = 1;
			remoteGlobalIDString = B90509932B6708EC00D3DE33;
			remoteInfo = Template;
		};
		B927F0482BAB9A8E001D88BB /* PBXContainerItemProxy */ = {
			isa = PBXContainerItemProxy;
			containerPortal = B905098C2B6708EC00D3DE33 /* Project object */;
			proxyType = 1;
			remoteGlobalIDString = B927F0432BAB9A8E001D88BB;
			remoteInfo = Core;
		};
/* End PBXContainerItemProxy section */

/* Begin PBXCopyFilesBuildPhase section */
		B9D9C7B02B8500A000B15BA8 /* Embed Frameworks */ = {
			isa = PBXCopyFilesBuildPhase;
			buildActionMask = 2147483647;
			dstPath = "";
			dstSubfolderSpec = 10;
			files = (
				B927F04B2BAB9A8E001D88BB /* Core.framework in Embed Frameworks */,
			);
			name = "Embed Frameworks";
			runOnlyForDeploymentPostprocessing = 0;
		};
/* End PBXCopyFilesBuildPhase section */

/* Begin PBXFileReference section */
		B90509942B6708EC00D3DE33 /* Template.app */ = {isa = PBXFileReference; explicitFileType = wrapper.application; includeInIndex = 0; path = Template.app; sourceTree = BUILT_PRODUCTS_DIR; };
		B90509972B6708EC00D3DE33 /* TemplateApp.swift */ = {isa = PBXFileReference; lastKnownFileType = sourcecode.swift; path = TemplateApp.swift; sourceTree = "<group>"; };
		B90509992B6708EC00D3DE33 /* ListView.swift */ = {isa = PBXFileReference; lastKnownFileType = sourcecode.swift; path = ListView.swift; sourceTree = "<group>"; };
		B905099B2B6708EE00D3DE33 /* Assets.xcassets */ = {isa = PBXFileReference; lastKnownFileType = folder.assetcatalog; path = Assets.xcassets; sourceTree = "<group>"; };
		B905099D2B6708EE00D3DE33 /* Template.entitlements */ = {isa = PBXFileReference; lastKnownFileType = text.plist.entitlements; path = Template.entitlements; sourceTree = "<group>"; };
		B905099F2B6708EE00D3DE33 /* Preview Assets.xcassets */ = {isa = PBXFileReference; lastKnownFileType = folder.assetcatalog; path = "Preview Assets.xcassets"; sourceTree = "<group>"; };
		B90509A52B6708EE00D3DE33 /* TemplateTests.xctest */ = {isa = PBXFileReference; explicitFileType = wrapper.cfbundle; includeInIndex = 0; path = TemplateTests.xctest; sourceTree = BUILT_PRODUCTS_DIR; };
		B90509A92B6708EE00D3DE33 /* TemplateTests.swift */ = {isa = PBXFileReference; lastKnownFileType = sourcecode.swift; path = TemplateTests.swift; sourceTree = "<group>"; };
		B90509D92B671A8900D3DE33 /* ListLoop.swift */ = {isa = PBXFileReference; lastKnownFileType = sourcecode.swift; path = ListLoop.swift; sourceTree = "<group>"; };
		B90509DB2B671B4600D3DE33 /* ListModels.swift */ = {isa = PBXFileReference; lastKnownFileType = sourcecode.swift; path = ListModels.swift; sourceTree = "<group>"; };
		B908F7062B918560006FD099 /* TodosService.swift */ = {isa = PBXFileReference; lastKnownFileType = sourcecode.swift; path = TodosService.swift; sourceTree = "<group>"; };
		B9268E9D2B6C587E00E8F15F /* BannerManager.swift */ = {isa = PBXFileReference; lastKnownFileType = sourcecode.swift; path = BannerManager.swift; sourceTree = "<group>"; };
		B9268E9F2B6C637100E8F15F /* BannerView+Present.swift */ = {isa = PBXFileReference; lastKnownFileType = sourcecode.swift; path = "BannerView+Present.swift"; sourceTree = "<group>"; };
		B927F0442BAB9A8E001D88BB /* Core.framework */ = {isa = PBXFileReference; explicitFileType = wrapper.framework; includeInIndex = 0; path = Core.framework; sourceTree = BUILT_PRODUCTS_DIR; };
		B93AF5292BACD64200204C06 /* MainNavigation.swift */ = {isa = PBXFileReference; lastKnownFileType = sourcecode.swift; path = MainNavigation.swift; sourceTree = "<group>"; };
		B93AF52B2BACD67A00204C06 /* OnboardingNavigation.swift */ = {isa = PBXFileReference; lastKnownFileType = sourcecode.swift; path = OnboardingNavigation.swift; sourceTree = "<group>"; };
		B9908E252B7B216F009D1309 /* Api.swift */ = {isa = PBXFileReference; lastKnownFileType = sourcecode.swift; path = Api.swift; sourceTree = "<group>"; };
		B99816E42BAB9B6400349606 /* Completion.swift */ = {isa = PBXFileReference; fileEncoding = 4; lastKnownFileType = sourcecode.swift; path = Completion.swift; sourceTree = "<group>"; };
		B99816E52BAB9B6400349606 /* LoadableData.swift */ = {isa = PBXFileReference; fileEncoding = 4; lastKnownFileType = sourcecode.swift; path = LoadableData.swift; sourceTree = "<group>"; };
		B99817002BABA6C300349606 /* Todo.swift */ = {isa = PBXFileReference; lastKnownFileType = sourcecode.swift; path = Todo.swift; sourceTree = "<group>"; };
		B998391C2B69B701003E87A9 /* BannerView.swift */ = {isa = PBXFileReference; lastKnownFileType = sourcecode.swift; path = BannerView.swift; sourceTree = "<group>"; };
		B998391E2B69B71B003E87A9 /* Dependencies.swift */ = {isa = PBXFileReference; lastKnownFileType = sourcecode.swift; path = Dependencies.swift; sourceTree = "<group>"; };
		B99839202B69B845003E87A9 /* Storage.swift */ = {isa = PBXFileReference; lastKnownFileType = sourcecode.swift; path = Storage.swift; sourceTree = "<group>"; };
		B99839232B69B9F3003E87A9 /* UserDefaults+Storage.swift */ = {isa = PBXFileReference; lastKnownFileType = sourcecode.swift; path = "UserDefaults+Storage.swift"; sourceTree = "<group>"; };
		B9B6459F2B8EDDBF00FBE7CF /* CreateView.swift */ = {isa = PBXFileReference; lastKnownFileType = sourcecode.swift; path = CreateView.swift; sourceTree = "<group>"; };
		B9B645A12B8EDDD700FBE7CF /* CreateModels.swift */ = {isa = PBXFileReference; lastKnownFileType = sourcecode.swift; path = CreateModels.swift; sourceTree = "<group>"; };
		B9B645A32B8EDDDE00FBE7CF /* CreateLoop.swift */ = {isa = PBXFileReference; lastKnownFileType = sourcecode.swift; path = CreateLoop.swift; sourceTree = "<group>"; };
		B9D9C77E2B830DBF00B15BA8 /* AuthenticationManager.swift */ = {isa = PBXFileReference; lastKnownFileType = sourcecode.swift; path = AuthenticationManager.swift; sourceTree = "<group>"; };
		B9D9C7802B830FE900B15BA8 /* DetailLoop.swift */ = {isa = PBXFileReference; lastKnownFileType = sourcecode.swift; path = DetailLoop.swift; sourceTree = "<group>"; };
		B9D9C7822B838DC100B15BA8 /* DetailModel.swift */ = {isa = PBXFileReference; lastKnownFileType = sourcecode.swift; path = DetailModel.swift; sourceTree = "<group>"; };
		B9D9C7842B838F3A00B15BA8 /* DetailView.swift */ = {isa = PBXFileReference; lastKnownFileType = sourcecode.swift; path = DetailView.swift; sourceTree = "<group>"; };
		B9D9C7872B83915C00B15BA8 /* LoginView.swift */ = {isa = PBXFileReference; lastKnownFileType = sourcecode.swift; path = LoginView.swift; sourceTree = "<group>"; };
		B9D9C7892B83917300B15BA8 /* LoginLoop.swift */ = {isa = PBXFileReference; lastKnownFileType = sourcecode.swift; path = LoginLoop.swift; sourceTree = "<group>"; };
		B9D9C78B2B83917A00B15BA8 /* LoginModel.swift */ = {isa = PBXFileReference; lastKnownFileType = sourcecode.swift; path = LoginModel.swift; sourceTree = "<group>"; };
		B9D9C78D2B8403BB00B15BA8 /* Input.swift */ = {isa = PBXFileReference; lastKnownFileType = sourcecode.swift; path = Input.swift; sourceTree = "<group>"; };
		B9D9C78F2B84046400B15BA8 /* TextInput.swift */ = {isa = PBXFileReference; lastKnownFileType = sourcecode.swift; path = TextInput.swift; sourceTree = "<group>"; };
		B9D9C7912B84480200B15BA8 /* PrimaryButton.swift */ = {isa = PBXFileReference; lastKnownFileType = sourcecode.swift; path = PrimaryButton.swift; sourceTree = "<group>"; };
		B9D9C7972B84F1B200B15BA8 /* Colors.xcassets */ = {isa = PBXFileReference; lastKnownFileType = folder.assetcatalog; path = Colors.xcassets; sourceTree = "<group>"; };
		B9D9C79E2B85008300B15BA8 /* Appearance.swift */ = {isa = PBXFileReference; lastKnownFileType = sourcecode.swift; path = Appearance.swift; sourceTree = "<group>"; };
		B9D9C7C52B85370800B15BA8 /* Inputable.swift */ = {isa = PBXFileReference; lastKnownFileType = sourcecode.swift; path = Inputable.swift; sourceTree = "<group>"; };
		B9D9C7C92B854F8500B15BA8 /* LoadableListView.swift */ = {isa = PBXFileReference; lastKnownFileType = sourcecode.swift; path = LoadableListView.swift; sourceTree = "<group>"; };
		B9D9C7D32B8562CC00B15BA8 /* Navigation.swift */ = {isa = PBXFileReference; lastKnownFileType = sourcecode.swift; path = Navigation.swift; sourceTree = "<group>"; };
/* End PBXFileReference section */

/* Begin PBXFrameworksBuildPhase section */
		B90509912B6708EC00D3DE33 /* Frameworks */ = {
			isa = PBXFrameworksBuildPhase;
			buildActionMask = 2147483647;
			files = (
				B9858BD42BAE5C7700DE5BF7 /* SwiftCodeGen in Frameworks */,
				B9D9C7762B7FB39100B15BA8 /* SwiftDependencyContainer in Frameworks */,
				B9908E222B7B1418009D1309 /* SwiftDependencyContainer in Frameworks */,
				B9858BD22BAE5C6200DE5BF7 /* SwiftUDF in Frameworks */,
				B936DCB12B8E89160087AA5F /* InfiniteNavigation in Frameworks */,
				B927F04A2BAB9A8E001D88BB /* Core.framework in Frameworks */,
				B9858BD62BAE5C9E00DE5BF7 /* SwiftCopy in Frameworks */,
			);
			runOnlyForDeploymentPostprocessing = 0;
		};
		B90509A22B6708EE00D3DE33 /* Frameworks */ = {
			isa = PBXFrameworksBuildPhase;
			buildActionMask = 2147483647;
			files = (
			);
			runOnlyForDeploymentPostprocessing = 0;
		};
		B927F0412BAB9A8E001D88BB /* Frameworks */ = {
			isa = PBXFrameworksBuildPhase;
			buildActionMask = 2147483647;
			files = (
				B93AF52E2BACDF3400204C06 /* SwiftDependencyContainer in Frameworks */,
				B927F0552BAB9AFC001D88BB /* SwiftEvolution in Frameworks */,
				B998170B2BABD2BC00349606 /* SwiftCopy in Frameworks */,
			);
			runOnlyForDeploymentPostprocessing = 0;
		};
/* End PBXFrameworksBuildPhase section */

/* Begin PBXGroup section */
		B905098B2B6708EC00D3DE33 = {
			isa = PBXGroup;
			children = (
				B90509962B6708EC00D3DE33 /* Template */,
				B90509A82B6708EE00D3DE33 /* TemplateTests */,
				B927F0452BAB9A8E001D88BB /* Core */,
				B90509952B6708EC00D3DE33 /* Products */,
				B99839152B69AF64003E87A9 /* Frameworks */,
			);
			sourceTree = "<group>";
		};
		B90509952B6708EC00D3DE33 /* Products */ = {
			isa = PBXGroup;
			children = (
				B90509942B6708EC00D3DE33 /* Template.app */,
				B90509A52B6708EE00D3DE33 /* TemplateTests.xctest */,
				B927F0442BAB9A8E001D88BB /* Core.framework */,
			);
			name = Products;
			sourceTree = "<group>";
		};
		B90509962B6708EC00D3DE33 /* Template */ = {
			isa = PBXGroup;
			children = (
				B90509972B6708EC00D3DE33 /* TemplateApp.swift */,
				B998391E2B69B71B003E87A9 /* Dependencies.swift */,
				B9D9C7D32B8562CC00B15BA8 /* Navigation.swift */,
				B927F05E2BAB9B20001D88BB /* Onboarding */,
				B927F06E2BAB9B25001D88BB /* Main */,
				B90509C22B67091700D3DE33 /* Resources */,
			);
			path = Template;
			sourceTree = "<group>";
		};
		B905099E2B6708EE00D3DE33 /* Preview Content */ = {
			isa = PBXGroup;
			children = (
				B905099F2B6708EE00D3DE33 /* Preview Assets.xcassets */,
			);
			path = "Preview Content";
			sourceTree = "<group>";
		};
		B90509A82B6708EE00D3DE33 /* TemplateTests */ = {
			isa = PBXGroup;
			children = (
				B90509A92B6708EE00D3DE33 /* TemplateTests.swift */,
			);
			path = TemplateTests;
			sourceTree = "<group>";
		};
		B90509C22B67091700D3DE33 /* Resources */ = {
			isa = PBXGroup;
			children = (
				B905099B2B6708EE00D3DE33 /* Assets.xcassets */,
				B905099D2B6708EE00D3DE33 /* Template.entitlements */,
				B905099E2B6708EE00D3DE33 /* Preview Content */,
			);
			path = Resources;
			sourceTree = "<group>";
		};
		B90509C32B67092000D3DE33 /* Views */ = {
			isa = PBXGroup;
			children = (
				B9D9C77B2B830D9300B15BA8 /* Login */,
			);
			path = Views;
			sourceTree = "<group>";
		};
		B927F0452BAB9A8E001D88BB /* Core */ = {
			isa = PBXGroup;
			children = (
				B99839222B69B9B0003E87A9 /* Data */,
				B9D9C7862B83914600B15BA8 /* UI */,
				B99816E62BAB9B6400349606 /* Helper */,
			);
			path = Core;
			sourceTree = "<group>";
		};
		B927F05E2BAB9B20001D88BB /* Onboarding */ = {
			isa = PBXGroup;
			children = (
				B93AF52B2BACD67A00204C06 /* OnboardingNavigation.swift */,
				B90509C32B67092000D3DE33 /* Views */,
			);
			path = Onboarding;
			sourceTree = "<group>";
		};
		B927F06E2BAB9B25001D88BB /* Main */ = {
			isa = PBXGroup;
			children = (
				B93AF5292BACD64200204C06 /* MainNavigation.swift */,
				B9D9C77C2B830D9A00B15BA8 /* List */,
				B9D9C77D2B830DA300B15BA8 /* Detail */,
				B9B6459E2B8EDB5400FBE7CF /* Create */,
			);
			path = Main;
			sourceTree = "<group>";
		};
		B99816E62BAB9B6400349606 /* Helper */ = {
			isa = PBXGroup;
			children = (
				B99816E42BAB9B6400349606 /* Completion.swift */,
				B99816E52BAB9B6400349606 /* LoadableData.swift */,
			);
			path = Helper;
			sourceTree = "<group>";
		};
		B99816FF2BABA6B800349606 /* Models */ = {
			isa = PBXGroup;
			children = (
				B99817002BABA6C300349606 /* Todo.swift */,
			);
			path = Models;
			sourceTree = "<group>";
		};
		B99839152B69AF64003E87A9 /* Frameworks */ = {
			isa = PBXGroup;
			children = (
			);
			name = Frameworks;
			sourceTree = "<group>";
		};
		B998391B2B69B6F4003E87A9 /* Banner */ = {
			isa = PBXGroup;
			children = (
				B998391C2B69B701003E87A9 /* BannerView.swift */,
				B9268E9F2B6C637100E8F15F /* BannerView+Present.swift */,
				B9268E9D2B6C587E00E8F15F /* BannerManager.swift */,
			);
			path = Banner;
			sourceTree = "<group>";
		};
		B99839222B69B9B0003E87A9 /* Data */ = {
			isa = PBXGroup;
			children = (
				B99816FF2BABA6B800349606 /* Models */,
				B99839202B69B845003E87A9 /* Storage.swift */,
				B99839232B69B9F3003E87A9 /* UserDefaults+Storage.swift */,
				B9908E252B7B216F009D1309 /* Api.swift */,
				B9D9C77E2B830DBF00B15BA8 /* AuthenticationManager.swift */,
				B908F7062B918560006FD099 /* TodosService.swift */,
			);
			path = Data;
			sourceTree = "<group>";
		};
		B9B6459E2B8EDB5400FBE7CF /* Create */ = {
			isa = PBXGroup;
			children = (
				B9B6459F2B8EDDBF00FBE7CF /* CreateView.swift */,
				B9B645A12B8EDDD700FBE7CF /* CreateModels.swift */,
				B9B645A32B8EDDDE00FBE7CF /* CreateLoop.swift */,
			);
			path = Create;
			sourceTree = "<group>";
		};
		B9D9C77B2B830D9300B15BA8 /* Login */ = {
			isa = PBXGroup;
			children = (
				B9D9C7872B83915C00B15BA8 /* LoginView.swift */,
				B9D9C78B2B83917A00B15BA8 /* LoginModel.swift */,
				B9D9C7892B83917300B15BA8 /* LoginLoop.swift */,
			);
			path = Login;
			sourceTree = "<group>";
		};
		B9D9C77C2B830D9A00B15BA8 /* List */ = {
			isa = PBXGroup;
			children = (
				B90509992B6708EC00D3DE33 /* ListView.swift */,
				B90509DB2B671B4600D3DE33 /* ListModels.swift */,
				B90509D92B671A8900D3DE33 /* ListLoop.swift */,
			);
			path = List;
			sourceTree = "<group>";
		};
		B9D9C77D2B830DA300B15BA8 /* Detail */ = {
			isa = PBXGroup;
			children = (
				B9D9C7842B838F3A00B15BA8 /* DetailView.swift */,
				B9D9C7822B838DC100B15BA8 /* DetailModel.swift */,
				B9D9C7802B830FE900B15BA8 /* DetailLoop.swift */,
			);
			path = Detail;
			sourceTree = "<group>";
		};
		B9D9C7862B83914600B15BA8 /* UI */ = {
			isa = PBXGroup;
			children = (
				B9D9C79E2B85008300B15BA8 /* Appearance.swift */,
				B9D9C7972B84F1B200B15BA8 /* Colors.xcassets */,
				B998391B2B69B6F4003E87A9 /* Banner */,
				B9D9C7B32B85016A00B15BA8 /* Text */,
				B9D9C7912B84480200B15BA8 /* PrimaryButton.swift */,
				B9D9C7C92B854F8500B15BA8 /* LoadableListView.swift */,
			);
			path = UI;
			sourceTree = "<group>";
		};
		B9D9C7B32B85016A00B15BA8 /* Text */ = {
			isa = PBXGroup;
			children = (
				B9D9C78F2B84046400B15BA8 /* TextInput.swift */,
				B9D9C78D2B8403BB00B15BA8 /* Input.swift */,
				B9D9C7C52B85370800B15BA8 /* Inputable.swift */,
			);
			path = Text;
			sourceTree = "<group>";
		};
/* End PBXGroup section */

/* Begin PBXHeadersBuildPhase section */
		B927F03F2BAB9A8E001D88BB /* Headers */ = {
			isa = PBXHeadersBuildPhase;
			buildActionMask = 2147483647;
			files = (
			);
			runOnlyForDeploymentPostprocessing = 0;
		};
/* End PBXHeadersBuildPhase section */

/* Begin PBXNativeTarget section */
		B90509932B6708EC00D3DE33 /* Template */ = {
			isa = PBXNativeTarget;
			buildConfigurationList = B90509B92B6708EE00D3DE33 /* Build configuration list for PBXNativeTarget "Template" */;
			buildPhases = (
				B90509902B6708EC00D3DE33 /* Sources */,
				B90509912B6708EC00D3DE33 /* Frameworks */,
				B90509922B6708EC00D3DE33 /* Resources */,
				B9D9C7B02B8500A000B15BA8 /* Embed Frameworks */,
			);
			buildRules = (
			);
			dependencies = (
				B9858BDA2BAE5CA800DE5BF7 /* PBXTargetDependency */,
				B9858BD82BAE5CA500DE5BF7 /* PBXTargetDependency */,
				B9908E242B7B1424009D1309 /* PBXTargetDependency */,
				B927F0492BAB9A8E001D88BB /* PBXTargetDependency */,
			);
			name = Template;
			packageProductDependencies = (
				B9908E212B7B1418009D1309 /* SwiftDependencyContainer */,
				B9D9C7752B7FB39100B15BA8 /* SwiftDependencyContainer */,
				B936DCB02B8E89160087AA5F /* InfiniteNavigation */,
				B9858BD12BAE5C6200DE5BF7 /* SwiftUDF */,
				B9858BD32BAE5C7700DE5BF7 /* SwiftCodeGen */,
				B9858BD52BAE5C9E00DE5BF7 /* SwiftCopy */,
			);
			productName = Template;
			productReference = B90509942B6708EC00D3DE33 /* Template.app */;
			productType = "com.apple.product-type.application";
		};
		B90509A42B6708EE00D3DE33 /* TemplateTests */ = {
			isa = PBXNativeTarget;
			buildConfigurationList = B90509BC2B6708EE00D3DE33 /* Build configuration list for PBXNativeTarget "TemplateTests" */;
			buildPhases = (
				B90509A12B6708EE00D3DE33 /* Sources */,
				B90509A22B6708EE00D3DE33 /* Frameworks */,
				B90509A32B6708EE00D3DE33 /* Resources */,
			);
			buildRules = (
			);
			dependencies = (
				B90509A72B6708EE00D3DE33 /* PBXTargetDependency */,
			);
			name = TemplateTests;
			productName = TemplateTests;
			productReference = B90509A52B6708EE00D3DE33 /* TemplateTests.xctest */;
			productType = "com.apple.product-type.bundle.unit-test";
		};
		B927F0432BAB9A8E001D88BB /* Core */ = {
			isa = PBXNativeTarget;
			buildConfigurationList = B927F04C2BAB9A8E001D88BB /* Build configuration list for PBXNativeTarget "Core" */;
			buildPhases = (
				B927F03F2BAB9A8E001D88BB /* Headers */,
				B927F0402BAB9A8E001D88BB /* Sources */,
				B927F0412BAB9A8E001D88BB /* Frameworks */,
				B927F0422BAB9A8E001D88BB /* Resources */,
			);
			buildRules = (
			);
			dependencies = (
				B93AF51E2BACBE1200204C06 /* PBXTargetDependency */,
				B93AF5142BABE72B00204C06 /* PBXTargetDependency */,
			);
			name = Core;
			packageProductDependencies = (
				B927F0542BAB9AFC001D88BB /* SwiftEvolution */,
				B998170A2BABD2BC00349606 /* SwiftCopy */,
				B93AF52D2BACDF3400204C06 /* SwiftDependencyContainer */,
			);
			productName = Core;
			productReference = B927F0442BAB9A8E001D88BB /* Core.framework */;
			productType = "com.apple.product-type.framework";
		};
/* End PBXNativeTarget section */

/* Begin PBXProject section */
		B905098C2B6708EC00D3DE33 /* Project object */ = {
			isa = PBXProject;
			attributes = {
				BuildIndependentTargetsInParallel = 1;
				LastSwiftUpdateCheck = 1510;
				LastUpgradeCheck = 1530;
				TargetAttributes = {
					B90509932B6708EC00D3DE33 = {
						CreatedOnToolsVersion = 15.1;
					};
					B90509A42B6708EE00D3DE33 = {
						CreatedOnToolsVersion = 15.1;
						TestTargetID = B90509932B6708EC00D3DE33;
					};
					B927F0432BAB9A8E001D88BB = {
						CreatedOnToolsVersion = 15.3;
					};
				};
			};
			buildConfigurationList = B905098F2B6708EC00D3DE33 /* Build configuration list for PBXProject "Template" */;
			compatibilityVersion = "Xcode 14.0";
			developmentRegion = en;
			hasScannedForEncodings = 0;
			knownRegions = (
				en,
				Base,
			);
			mainGroup = B905098B2B6708EC00D3DE33;
			packageReferences = (
				B90509C72B6709E000D3DE33 /* XCRemoteSwiftPackageReference "SwiftEvolution" */,
				B99839182B69AFB1003E87A9 /* XCLocalSwiftPackageReference "../../../../Projects/DSC/swift-unidirectional-data-flow" */,
				B9908E1B2B7538D5009D1309 /* XCLocalSwiftPackageReference "../../../../Projects/DSC/SwiftCodeGen" */,
				B9D9C7742B7FB39100B15BA8 /* XCLocalSwiftPackageReference "../../../../Projects/DSC/SwiftDependencyContainer" */,
				B936DCAF2B8E89160087AA5F /* XCLocalSwiftPackageReference "../../../../Projects/DSC/InfiniteNavigation" */,
				B93AF5102BABE62B00204C06 /* XCLocalSwiftPackageReference "../../../../Projects/DSC/SwiftCopy" */,
			);
			productRefGroup = B90509952B6708EC00D3DE33 /* Products */;
			projectDirPath = "";
			projectRoot = "";
			targets = (
				B90509932B6708EC00D3DE33 /* Template */,
				B90509A42B6708EE00D3DE33 /* TemplateTests */,
				B927F0432BAB9A8E001D88BB /* Core */,
			);
		};
/* End PBXProject section */

/* Begin PBXResourcesBuildPhase section */
		B90509922B6708EC00D3DE33 /* Resources */ = {
			isa = PBXResourcesBuildPhase;
			buildActionMask = 2147483647;
			files = (
				B90509A02B6708EE00D3DE33 /* Preview Assets.xcassets in Resources */,
				B905099C2B6708EE00D3DE33 /* Assets.xcassets in Resources */,
			);
			runOnlyForDeploymentPostprocessing = 0;
		};
		B90509A32B6708EE00D3DE33 /* Resources */ = {
			isa = PBXResourcesBuildPhase;
			buildActionMask = 2147483647;
			files = (
			);
			runOnlyForDeploymentPostprocessing = 0;
		};
		B927F0422BAB9A8E001D88BB /* Resources */ = {
			isa = PBXResourcesBuildPhase;
			buildActionMask = 2147483647;
			files = (
				B99817022BABA84700349606 /* Colors.xcassets in Resources */,
			);
			runOnlyForDeploymentPostprocessing = 0;
		};
/* End PBXResourcesBuildPhase section */

/* Begin PBXSourcesBuildPhase section */
		B90509902B6708EC00D3DE33 /* Sources */ = {
			isa = PBXSourcesBuildPhase;
			buildActionMask = 2147483647;
			files = (
				B9858BCE2BAE5C3900DE5BF7 /* CreateLoop.swift in Sources */,
				B9858BCF2BAE5C3900DE5BF7 /* CreateModels.swift in Sources */,
				B9858BD02BAE5C3900DE5BF7 /* CreateView.swift in Sources */,
				B9858BC32BAE5C1C00DE5BF7 /* OnboardingNavigation.swift in Sources */,
				B9858BC82BAE5C2D00DE5BF7 /* ListLoop.swift in Sources */,
				B9858BC92BAE5C2D00DE5BF7 /* ListView.swift in Sources */,
				B9858BCA2BAE5C2D00DE5BF7 /* ListModels.swift in Sources */,
				B998391F2B69B71B003E87A9 /* Dependencies.swift in Sources */,
				B9858BCB2BAE5C3400DE5BF7 /* DetailLoop.swift in Sources */,
				B9858BCC2BAE5C3400DE5BF7 /* DetailView.swift in Sources */,
				B9858BCD2BAE5C3400DE5BF7 /* DetailModel.swift in Sources */,
				B9858BC42BAE5C2400DE5BF7 /* LoginModel.swift in Sources */,
				B9858BC52BAE5C2400DE5BF7 /* LoginLoop.swift in Sources */,
				B9858BC72BAE5C2700DE5BF7 /* MainNavigation.swift in Sources */,
				B9858BC62BAE5C2400DE5BF7 /* LoginView.swift in Sources */,
				B90509982B6708EC00D3DE33 /* TemplateApp.swift in Sources */,
				B9D9C7D42B8562CC00B15BA8 /* Navigation.swift in Sources */,
			);
			runOnlyForDeploymentPostprocessing = 0;
		};
		B90509A12B6708EE00D3DE33 /* Sources */ = {
			isa = PBXSourcesBuildPhase;
			buildActionMask = 2147483647;
			files = (
				B90509AA2B6708EE00D3DE33 /* TemplateTests.swift in Sources */,
			);
			runOnlyForDeploymentPostprocessing = 0;
		};
		B927F0402BAB9A8E001D88BB /* Sources */ = {
			isa = PBXSourcesBuildPhase;
			buildActionMask = 2147483647;
			files = (
				B927F04F2BAB9AAC001D88BB /* LoadableListView.swift in Sources */,
				B927F0512BAB9AB2001D88BB /* Input.swift in Sources */,
				B927F0522BAB9AB2001D88BB /* Inputable.swift in Sources */,
				B99816E92BAB9B8B00349606 /* Appearance.swift in Sources */,
				B99816E82BAB9B6400349606 /* LoadableData.swift in Sources */,
				B99816E72BAB9B6400349606 /* Completion.swift in Sources */,
				B927F0532BAB9AB2001D88BB /* TextInput.swift in Sources */,
				B99817012BABA6C300349606 /* Todo.swift in Sources */,
				B99816FA2BABA66D00349606 /* Api.swift in Sources */,
				B99816FB2BABA66D00349606 /* AuthenticationManager.swift in Sources */,
				B99816FC2BABA66D00349606 /* TodosService.swift in Sources */,
				B99816FD2BABA66D00349606 /* Storage.swift in Sources */,
				B99816FE2BABA66D00349606 /* UserDefaults+Storage.swift in Sources */,
				B93AF5232BACC89200204C06 /* BannerView.swift in Sources */,
				B93AF5242BACC89200204C06 /* BannerView+Present.swift in Sources */,
				B93AF5252BACC89200204C06 /* BannerManager.swift in Sources */,
				B927F0502BAB9AAC001D88BB /* PrimaryButton.swift in Sources */,
			);
			runOnlyForDeploymentPostprocessing = 0;
		};
/* End PBXSourcesBuildPhase section */

/* Begin PBXTargetDependency section */
		B90509A72B6708EE00D3DE33 /* PBXTargetDependency */ = {
			isa = PBXTargetDependency;
			target = B90509932B6708EC00D3DE33 /* Template */;
			targetProxy = B90509A62B6708EE00D3DE33 /* PBXContainerItemProxy */;
		};
		B927F0492BAB9A8E001D88BB /* PBXTargetDependency */ = {
			isa = PBXTargetDependency;
			target = B927F0432BAB9A8E001D88BB /* Core */;
			targetProxy = B927F0482BAB9A8E001D88BB /* PBXContainerItemProxy */;
		};
		B93AF5142BABE72B00204C06 /* PBXTargetDependency */ = {
			isa = PBXTargetDependency;
			productRef = B93AF5132BABE72B00204C06 /* SwiftCopyCodeGeneratorPlugin */;
		};
		B93AF51E2BACBE1200204C06 /* PBXTargetDependency */ = {
			isa = PBXTargetDependency;
			productRef = B93AF51D2BACBE1200204C06 /* SwiftDependencyContainerPlugin */;
		};
		B9858BD82BAE5CA500DE5BF7 /* PBXTargetDependency */ = {
			isa = PBXTargetDependency;
			productRef = B9858BD72BAE5CA500DE5BF7 /* SwiftCodeGenPlugin */;
		};
		B9858BDA2BAE5CA800DE5BF7 /* PBXTargetDependency */ = {
			isa = PBXTargetDependency;
			productRef = B9858BD92BAE5CA800DE5BF7 /* SwiftCopyCodeGeneratorPlugin */;
		};
		B9908E242B7B1424009D1309 /* PBXTargetDependency */ = {
			isa = PBXTargetDependency;
			productRef = B9908E232B7B1424009D1309 /* SwiftDependencyContainerPlugin */;
		};
/* End PBXTargetDependency section */

/* Begin XCBuildConfiguration section */
		B90509B72B6708EE00D3DE33 /* Debug */ = {
			isa = XCBuildConfiguration;
			buildSettings = {
				ALWAYS_SEARCH_USER_PATHS = NO;
				ASSETCATALOG_COMPILER_GENERATE_SWIFT_ASSET_SYMBOL_EXTENSIONS = YES;
				CLANG_ANALYZER_NONNULL = YES;
				CLANG_ANALYZER_NUMBER_OBJECT_CONVERSION = YES_AGGRESSIVE;
				CLANG_CXX_LANGUAGE_STANDARD = "gnu++20";
				CLANG_ENABLE_MODULES = YES;
				CLANG_ENABLE_OBJC_ARC = YES;
				CLANG_ENABLE_OBJC_WEAK = YES;
				CLANG_WARN_BLOCK_CAPTURE_AUTORELEASING = YES;
				CLANG_WARN_BOOL_CONVERSION = YES;
				CLANG_WARN_COMMA = YES;
				CLANG_WARN_CONSTANT_CONVERSION = YES;
				CLANG_WARN_DEPRECATED_OBJC_IMPLEMENTATIONS = YES;
				CLANG_WARN_DIRECT_OBJC_ISA_USAGE = YES_ERROR;
				CLANG_WARN_DOCUMENTATION_COMMENTS = YES;
				CLANG_WARN_EMPTY_BODY = YES;
				CLANG_WARN_ENUM_CONVERSION = YES;
				CLANG_WARN_INFINITE_RECURSION = YES;
				CLANG_WARN_INT_CONVERSION = YES;
				CLANG_WARN_NON_LITERAL_NULL_CONVERSION = YES;
				CLANG_WARN_OBJC_IMPLICIT_RETAIN_SELF = YES;
				CLANG_WARN_OBJC_LITERAL_CONVERSION = YES;
				CLANG_WARN_OBJC_ROOT_CLASS = YES_ERROR;
				CLANG_WARN_QUOTED_INCLUDE_IN_FRAMEWORK_HEADER = YES;
				CLANG_WARN_RANGE_LOOP_ANALYSIS = YES;
				CLANG_WARN_STRICT_PROTOTYPES = YES;
				CLANG_WARN_SUSPICIOUS_MOVE = YES;
				CLANG_WARN_UNGUARDED_AVAILABILITY = YES_AGGRESSIVE;
				CLANG_WARN_UNREACHABLE_CODE = YES;
				CLANG_WARN__DUPLICATE_METHOD_MATCH = YES;
				COPY_PHASE_STRIP = NO;
				DEAD_CODE_STRIPPING = YES;
				DEBUG_INFORMATION_FORMAT = dwarf;
				ENABLE_STRICT_OBJC_MSGSEND = YES;
				ENABLE_TESTABILITY = YES;
				ENABLE_USER_SCRIPT_SANDBOXING = YES;
				GCC_C_LANGUAGE_STANDARD = gnu17;
				GCC_DYNAMIC_NO_PIC = NO;
				GCC_NO_COMMON_BLOCKS = YES;
				GCC_OPTIMIZATION_LEVEL = 0;
				GCC_PREPROCESSOR_DEFINITIONS = (
					"DEBUG=1",
					"$(inherited)",
				);
				GCC_WARN_64_TO_32_BIT_CONVERSION = YES;
				GCC_WARN_ABOUT_RETURN_TYPE = YES_ERROR;
				GCC_WARN_UNDECLARED_SELECTOR = YES;
				GCC_WARN_UNINITIALIZED_AUTOS = YES_AGGRESSIVE;
				GCC_WARN_UNUSED_FUNCTION = YES;
				GCC_WARN_UNUSED_VARIABLE = YES;
				IPHONEOS_DEPLOYMENT_TARGET = 17.4;
				LOCALIZATION_PREFERS_STRING_CATALOGS = YES;
				MTL_ENABLE_DEBUG_INFO = INCLUDE_SOURCE;
				MTL_FAST_MATH = YES;
				ONLY_ACTIVE_ARCH = YES;
				SWIFT_ACTIVE_COMPILATION_CONDITIONS = "DEBUG $(inherited)";
				SWIFT_OPTIMIZATION_LEVEL = "-Onone";
			};
			name = Debug;
		};
		B90509B82B6708EE00D3DE33 /* Release */ = {
			isa = XCBuildConfiguration;
			buildSettings = {
				ALWAYS_SEARCH_USER_PATHS = NO;
				ASSETCATALOG_COMPILER_GENERATE_SWIFT_ASSET_SYMBOL_EXTENSIONS = YES;
				CLANG_ANALYZER_NONNULL = YES;
				CLANG_ANALYZER_NUMBER_OBJECT_CONVERSION = YES_AGGRESSIVE;
				CLANG_CXX_LANGUAGE_STANDARD = "gnu++20";
				CLANG_ENABLE_MODULES = YES;
				CLANG_ENABLE_OBJC_ARC = YES;
				CLANG_ENABLE_OBJC_WEAK = YES;
				CLANG_WARN_BLOCK_CAPTURE_AUTORELEASING = YES;
				CLANG_WARN_BOOL_CONVERSION = YES;
				CLANG_WARN_COMMA = YES;
				CLANG_WARN_CONSTANT_CONVERSION = YES;
				CLANG_WARN_DEPRECATED_OBJC_IMPLEMENTATIONS = YES;
				CLANG_WARN_DIRECT_OBJC_ISA_USAGE = YES_ERROR;
				CLANG_WARN_DOCUMENTATION_COMMENTS = YES;
				CLANG_WARN_EMPTY_BODY = YES;
				CLANG_WARN_ENUM_CONVERSION = YES;
				CLANG_WARN_INFINITE_RECURSION = YES;
				CLANG_WARN_INT_CONVERSION = YES;
				CLANG_WARN_NON_LITERAL_NULL_CONVERSION = YES;
				CLANG_WARN_OBJC_IMPLICIT_RETAIN_SELF = YES;
				CLANG_WARN_OBJC_LITERAL_CONVERSION = YES;
				CLANG_WARN_OBJC_ROOT_CLASS = YES_ERROR;
				CLANG_WARN_QUOTED_INCLUDE_IN_FRAMEWORK_HEADER = YES;
				CLANG_WARN_RANGE_LOOP_ANALYSIS = YES;
				CLANG_WARN_STRICT_PROTOTYPES = YES;
				CLANG_WARN_SUSPICIOUS_MOVE = YES;
				CLANG_WARN_UNGUARDED_AVAILABILITY = YES_AGGRESSIVE;
				CLANG_WARN_UNREACHABLE_CODE = YES;
				CLANG_WARN__DUPLICATE_METHOD_MATCH = YES;
				COPY_PHASE_STRIP = NO;
				DEAD_CODE_STRIPPING = YES;
				DEBUG_INFORMATION_FORMAT = "dwarf-with-dsym";
				ENABLE_NS_ASSERTIONS = NO;
				ENABLE_STRICT_OBJC_MSGSEND = YES;
				ENABLE_USER_SCRIPT_SANDBOXING = YES;
				GCC_C_LANGUAGE_STANDARD = gnu17;
				GCC_NO_COMMON_BLOCKS = YES;
				GCC_WARN_64_TO_32_BIT_CONVERSION = YES;
				GCC_WARN_ABOUT_RETURN_TYPE = YES_ERROR;
				GCC_WARN_UNDECLARED_SELECTOR = YES;
				GCC_WARN_UNINITIALIZED_AUTOS = YES_AGGRESSIVE;
				GCC_WARN_UNUSED_FUNCTION = YES;
				GCC_WARN_UNUSED_VARIABLE = YES;
				IPHONEOS_DEPLOYMENT_TARGET = 17.4;
				LOCALIZATION_PREFERS_STRING_CATALOGS = YES;
				MTL_ENABLE_DEBUG_INFO = NO;
				MTL_FAST_MATH = YES;
				SWIFT_COMPILATION_MODE = wholemodule;
			};
			name = Release;
		};
		B90509BA2B6708EE00D3DE33 /* Debug */ = {
			isa = XCBuildConfiguration;
			buildSettings = {
				ALWAYS_EMBED_SWIFT_STANDARD_LIBRARIES = YES;
				ASSETCATALOG_COMPILER_APPICON_NAME = AppIcon;
				ASSETCATALOG_COMPILER_GLOBAL_ACCENT_COLOR_NAME = AccentColor;
				CODE_SIGN_ENTITLEMENTS = Template/Resources/Template.entitlements;
				CODE_SIGN_STYLE = Automatic;
				CURRENT_PROJECT_VERSION = 1;
				DEAD_CODE_STRIPPING = YES;
				DEVELOPMENT_ASSET_PATHS = "\"Template/Resources/Preview Content\"";
				DEVELOPMENT_TEAM = C5SE39MZ59;
				ENABLE_HARDENED_RUNTIME = YES;
				ENABLE_PREVIEWS = YES;
				GENERATE_INFOPLIST_FILE = YES;
				"INFOPLIST_KEY_UIApplicationSceneManifest_Generation[sdk=iphoneos*]" = YES;
				"INFOPLIST_KEY_UIApplicationSceneManifest_Generation[sdk=iphonesimulator*]" = YES;
				"INFOPLIST_KEY_UIApplicationSupportsIndirectInputEvents[sdk=iphoneos*]" = YES;
				"INFOPLIST_KEY_UIApplicationSupportsIndirectInputEvents[sdk=iphonesimulator*]" = YES;
				"INFOPLIST_KEY_UILaunchScreen_Generation[sdk=iphoneos*]" = YES;
				"INFOPLIST_KEY_UILaunchScreen_Generation[sdk=iphonesimulator*]" = YES;
				"INFOPLIST_KEY_UIStatusBarStyle[sdk=iphoneos*]" = UIStatusBarStyleDefault;
				"INFOPLIST_KEY_UIStatusBarStyle[sdk=iphonesimulator*]" = UIStatusBarStyleDefault;
				INFOPLIST_KEY_UISupportedInterfaceOrientations_iPad = "UIInterfaceOrientationPortrait UIInterfaceOrientationPortraitUpsideDown UIInterfaceOrientationLandscapeLeft UIInterfaceOrientationLandscapeRight";
				INFOPLIST_KEY_UISupportedInterfaceOrientations_iPhone = "UIInterfaceOrientationPortrait UIInterfaceOrientationLandscapeLeft UIInterfaceOrientationLandscapeRight";
				IPHONEOS_DEPLOYMENT_TARGET = 15.0;
				LD_RUNPATH_SEARCH_PATHS = "@executable_path/Frameworks";
				"LD_RUNPATH_SEARCH_PATHS[sdk=macosx*]" = "@executable_path/../Frameworks";
				MACOSX_DEPLOYMENT_TARGET = 12.0;
				MARKETING_VERSION = 1.0;
				PRODUCT_BUNDLE_IDENTIFIER = top1.Template;
				PRODUCT_NAME = "$(TARGET_NAME)";
				SDKROOT = auto;
				SUPPORTED_PLATFORMS = "iphoneos iphonesimulator macosx";
				SWIFT_EMIT_LOC_STRINGS = YES;
				SWIFT_VERSION = 5.0;
				TARGETED_DEVICE_FAMILY = "1,2";
			};
			name = Debug;
		};
		B90509BB2B6708EE00D3DE33 /* Release */ = {
			isa = XCBuildConfiguration;
			buildSettings = {
				ALWAYS_EMBED_SWIFT_STANDARD_LIBRARIES = YES;
				ASSETCATALOG_COMPILER_APPICON_NAME = AppIcon;
				ASSETCATALOG_COMPILER_GLOBAL_ACCENT_COLOR_NAME = AccentColor;
				CODE_SIGN_ENTITLEMENTS = Template/Resources/Template.entitlements;
				CODE_SIGN_STYLE = Automatic;
				CURRENT_PROJECT_VERSION = 1;
				DEAD_CODE_STRIPPING = YES;
				DEVELOPMENT_ASSET_PATHS = "\"Template/Resources/Preview Content\"";
				DEVELOPMENT_TEAM = C5SE39MZ59;
				ENABLE_HARDENED_RUNTIME = YES;
				ENABLE_PREVIEWS = YES;
				GENERATE_INFOPLIST_FILE = YES;
				"INFOPLIST_KEY_UIApplicationSceneManifest_Generation[sdk=iphoneos*]" = YES;
				"INFOPLIST_KEY_UIApplicationSceneManifest_Generation[sdk=iphonesimulator*]" = YES;
				"INFOPLIST_KEY_UIApplicationSupportsIndirectInputEvents[sdk=iphoneos*]" = YES;
				"INFOPLIST_KEY_UIApplicationSupportsIndirectInputEvents[sdk=iphonesimulator*]" = YES;
				"INFOPLIST_KEY_UILaunchScreen_Generation[sdk=iphoneos*]" = YES;
				"INFOPLIST_KEY_UILaunchScreen_Generation[sdk=iphonesimulator*]" = YES;
				"INFOPLIST_KEY_UIStatusBarStyle[sdk=iphoneos*]" = UIStatusBarStyleDefault;
				"INFOPLIST_KEY_UIStatusBarStyle[sdk=iphonesimulator*]" = UIStatusBarStyleDefault;
				INFOPLIST_KEY_UISupportedInterfaceOrientations_iPad = "UIInterfaceOrientationPortrait UIInterfaceOrientationPortraitUpsideDown UIInterfaceOrientationLandscapeLeft UIInterfaceOrientationLandscapeRight";
				INFOPLIST_KEY_UISupportedInterfaceOrientations_iPhone = "UIInterfaceOrientationPortrait UIInterfaceOrientationLandscapeLeft UIInterfaceOrientationLandscapeRight";
				IPHONEOS_DEPLOYMENT_TARGET = 15.0;
				LD_RUNPATH_SEARCH_PATHS = "@executable_path/Frameworks";
				"LD_RUNPATH_SEARCH_PATHS[sdk=macosx*]" = "@executable_path/../Frameworks";
				MACOSX_DEPLOYMENT_TARGET = 12.0;
				MARKETING_VERSION = 1.0;
				PRODUCT_BUNDLE_IDENTIFIER = top1.Template;
				PRODUCT_NAME = "$(TARGET_NAME)";
				SDKROOT = auto;
				SUPPORTED_PLATFORMS = "iphoneos iphonesimulator macosx";
				SWIFT_EMIT_LOC_STRINGS = YES;
				SWIFT_VERSION = 5.0;
				TARGETED_DEVICE_FAMILY = "1,2";
			};
			name = Release;
		};
		B90509BD2B6708EE00D3DE33 /* Debug */ = {
			isa = XCBuildConfiguration;
			buildSettings = {
				ALWAYS_EMBED_SWIFT_STANDARD_LIBRARIES = YES;
				BUNDLE_LOADER = "$(TEST_HOST)";
				CODE_SIGN_STYLE = Automatic;
				CURRENT_PROJECT_VERSION = 1;
				DEAD_CODE_STRIPPING = YES;
				DEVELOPMENT_TEAM = C5SE39MZ59;
				GENERATE_INFOPLIST_FILE = YES;
				IPHONEOS_DEPLOYMENT_TARGET = 17.2;
				MACOSX_DEPLOYMENT_TARGET = 13.6;
				MARKETING_VERSION = 1.0;
				PRODUCT_BUNDLE_IDENTIFIER = top1.TemplateTests;
				PRODUCT_NAME = "$(TARGET_NAME)";
				SDKROOT = auto;
				SUPPORTED_PLATFORMS = "iphoneos iphonesimulator macosx";
				SWIFT_EMIT_LOC_STRINGS = NO;
				SWIFT_VERSION = 5.0;
				TARGETED_DEVICE_FAMILY = "1,2";
				TEST_HOST = "$(BUILT_PRODUCTS_DIR)/Template.app/$(BUNDLE_EXECUTABLE_FOLDER_PATH)/Template";
			};
			name = Debug;
		};
		B90509BE2B6708EE00D3DE33 /* Release */ = {
			isa = XCBuildConfiguration;
			buildSettings = {
				ALWAYS_EMBED_SWIFT_STANDARD_LIBRARIES = YES;
				BUNDLE_LOADER = "$(TEST_HOST)";
				CODE_SIGN_STYLE = Automatic;
				CURRENT_PROJECT_VERSION = 1;
				DEAD_CODE_STRIPPING = YES;
				DEVELOPMENT_TEAM = C5SE39MZ59;
				GENERATE_INFOPLIST_FILE = YES;
				IPHONEOS_DEPLOYMENT_TARGET = 17.2;
				MACOSX_DEPLOYMENT_TARGET = 13.6;
				MARKETING_VERSION = 1.0;
				PRODUCT_BUNDLE_IDENTIFIER = top1.TemplateTests;
				PRODUCT_NAME = "$(TARGET_NAME)";
				SDKROOT = auto;
				SUPPORTED_PLATFORMS = "iphoneos iphonesimulator macosx";
				SWIFT_EMIT_LOC_STRINGS = NO;
				SWIFT_VERSION = 5.0;
				TARGETED_DEVICE_FAMILY = "1,2";
				TEST_HOST = "$(BUILT_PRODUCTS_DIR)/Template.app/$(BUNDLE_EXECUTABLE_FOLDER_PATH)/Template";
			};
			name = Release;
		};
		B927F04D2BAB9A8E001D88BB /* Debug */ = {
			isa = XCBuildConfiguration;
			buildSettings = {
				BUILD_LIBRARY_FOR_DISTRIBUTION = NO;
				CODE_SIGN_IDENTITY = "";
				CODE_SIGN_STYLE = Automatic;
				CURRENT_PROJECT_VERSION = 1;
				DEFINES_MODULE = NO;
				DEVELOPMENT_TEAM = C5SE39MZ59;
				DYLIB_COMPATIBILITY_VERSION = 1;
				DYLIB_CURRENT_VERSION = 1;
				DYLIB_INSTALL_NAME_BASE = "@rpath";
				ENABLE_MODULE_VERIFIER = YES;
				GENERATE_INFOPLIST_FILE = YES;
				INFOPLIST_KEY_NSHumanReadableCopyright = "";
				INSTALL_PATH = "$(LOCAL_LIBRARY_DIR)/Frameworks";
				IPHONEOS_DEPLOYMENT_TARGET = 15.0;
				LD_RUNPATH_SEARCH_PATHS = (
					"$(inherited)",
					"@executable_path/Frameworks",
					"@loader_path/Frameworks",
				);
				MARKETING_VERSION = 1.0;
				MODULEMAP_FILE = "";
				MODULE_VERIFIER_SUPPORTED_LANGUAGES = "objective-c objective-c++";
				MODULE_VERIFIER_SUPPORTED_LANGUAGE_STANDARDS = "gnu17 gnu++20";
				OTHER_LDFLAGS = "-ld64";
				PRODUCT_BUNDLE_IDENTIFIER = dsc.Core;
				PRODUCT_NAME = "$(TARGET_NAME:c99extidentifier)";
				SDKROOT = iphoneos;
				SKIP_INSTALL = YES;
				SWIFT_EMIT_LOC_STRINGS = YES;
				SWIFT_INSTALL_OBJC_HEADER = NO;
				SWIFT_VERSION = 5.0;
				TARGETED_DEVICE_FAMILY = "1,2";
				VERSIONING_SYSTEM = "apple-generic";
				VERSION_INFO_PREFIX = "";
			};
			name = Debug;
		};
		B927F04E2BAB9A8E001D88BB /* Release */ = {
			isa = XCBuildConfiguration;
			buildSettings = {
				BUILD_LIBRARY_FOR_DISTRIBUTION = NO;
				CODE_SIGN_IDENTITY = "";
				CODE_SIGN_STYLE = Automatic;
				CURRENT_PROJECT_VERSION = 1;
				DEFINES_MODULE = NO;
				DEVELOPMENT_TEAM = C5SE39MZ59;
				DYLIB_COMPATIBILITY_VERSION = 1;
				DYLIB_CURRENT_VERSION = 1;
				DYLIB_INSTALL_NAME_BASE = "@rpath";
				ENABLE_MODULE_VERIFIER = YES;
				GENERATE_INFOPLIST_FILE = YES;
				INFOPLIST_KEY_NSHumanReadableCopyright = "";
				INSTALL_PATH = "$(LOCAL_LIBRARY_DIR)/Frameworks";
				IPHONEOS_DEPLOYMENT_TARGET = 15.0;
				LD_RUNPATH_SEARCH_PATHS = (
					"$(inherited)",
					"@executable_path/Frameworks",
					"@loader_path/Frameworks",
				);
				MARKETING_VERSION = 1.0;
				MODULEMAP_FILE = "";
				MODULE_VERIFIER_SUPPORTED_LANGUAGES = "objective-c objective-c++";
				MODULE_VERIFIER_SUPPORTED_LANGUAGE_STANDARDS = "gnu17 gnu++20";
				OTHER_LDFLAGS = "-ld64";
				PRODUCT_BUNDLE_IDENTIFIER = dsc.Core;
				PRODUCT_NAME = "$(TARGET_NAME:c99extidentifier)";
				SDKROOT = iphoneos;
				SKIP_INSTALL = YES;
				SWIFT_EMIT_LOC_STRINGS = YES;
				SWIFT_INSTALL_OBJC_HEADER = NO;
				SWIFT_VERSION = 5.0;
				TARGETED_DEVICE_FAMILY = "1,2";
				VALIDATE_PRODUCT = YES;
				VERSIONING_SYSTEM = "apple-generic";
				VERSION_INFO_PREFIX = "";
			};
			name = Release;
		};
/* End XCBuildConfiguration section */

/* Begin XCConfigurationList section */
		B905098F2B6708EC00D3DE33 /* Build configuration list for PBXProject "Template" */ = {
			isa = XCConfigurationList;
			buildConfigurations = (
				B90509B72B6708EE00D3DE33 /* Debug */,
				B90509B82B6708EE00D3DE33 /* Release */,
			);
			defaultConfigurationIsVisible = 0;
			defaultConfigurationName = Release;
		};
		B90509B92B6708EE00D3DE33 /* Build configuration list for PBXNativeTarget "Template" */ = {
			isa = XCConfigurationList;
			buildConfigurations = (
				B90509BA2B6708EE00D3DE33 /* Debug */,
				B90509BB2B6708EE00D3DE33 /* Release */,
			);
			defaultConfigurationIsVisible = 0;
			defaultConfigurationName = Release;
		};
		B90509BC2B6708EE00D3DE33 /* Build configuration list for PBXNativeTarget "TemplateTests" */ = {
			isa = XCConfigurationList;
			buildConfigurations = (
				B90509BD2B6708EE00D3DE33 /* Debug */,
				B90509BE2B6708EE00D3DE33 /* Release */,
			);
			defaultConfigurationIsVisible = 0;
			defaultConfigurationName = Release;
		};
		B927F04C2BAB9A8E001D88BB /* Build configuration list for PBXNativeTarget "Core" */ = {
			isa = XCConfigurationList;
			buildConfigurations = (
				B927F04D2BAB9A8E001D88BB /* Debug */,
				B927F04E2BAB9A8E001D88BB /* Release */,
			);
			defaultConfigurationIsVisible = 0;
			defaultConfigurationName = Release;
		};
/* End XCConfigurationList section */

/* Begin XCLocalSwiftPackageReference section */
		B936DCAF2B8E89160087AA5F /* XCLocalSwiftPackageReference "../../../../Projects/DSC/InfiniteNavigation" */ = {
			isa = XCLocalSwiftPackageReference;
			relativePath = ../../../../Projects/DSC/InfiniteNavigation;
		};
		B93AF5102BABE62B00204C06 /* XCLocalSwiftPackageReference "../../../../Projects/DSC/SwiftCopy" */ = {
			isa = XCLocalSwiftPackageReference;
			relativePath = ../../../../Projects/DSC/SwiftCopy;
		};
		B9908E1B2B7538D5009D1309 /* XCLocalSwiftPackageReference "../../../../Projects/DSC/SwiftCodeGen" */ = {
			isa = XCLocalSwiftPackageReference;
			relativePath = ../../../../Projects/DSC/SwiftCodeGen;
		};
		B9908E202B7B1418009D1309 /* XCLocalSwiftPackageReference "../../../../Projects/DSC/SwiftDependencyContainer" */ = {
			isa = XCLocalSwiftPackageReference;
			relativePath = ../../../../Projects/DSC/SwiftDependencyContainer;
		};
		B99839182B69AFB1003E87A9 /* XCLocalSwiftPackageReference "../../../../Projects/DSC/swift-unidirectional-data-flow" */ = {
			isa = XCLocalSwiftPackageReference;
			relativePath = "../../../../Projects/DSC/swift-unidirectional-data-flow";
		};
		B9D9C7742B7FB39100B15BA8 /* XCLocalSwiftPackageReference "../../../../Projects/DSC/SwiftDependencyContainer" */ = {
			isa = XCLocalSwiftPackageReference;
			relativePath = ../../../../Projects/DSC/SwiftDependencyContainer;
		};
/* End XCLocalSwiftPackageReference section */

/* Begin XCRemoteSwiftPackageReference section */
		B90509C72B6709E000D3DE33 /* XCRemoteSwiftPackageReference "SwiftEvolution" */ = {
			isa = XCRemoteSwiftPackageReference;
			repositoryURL = "https://github.com/davidscheutz/SwiftEvolution.git";
			requirement = {
				branch = main;
				kind = branch;
			};
		};
/* End XCRemoteSwiftPackageReference section */

/* Begin XCSwiftPackageProductDependency section */
		B927F0542BAB9AFC001D88BB /* SwiftEvolution */ = {
			isa = XCSwiftPackageProductDependency;
			package = B90509C72B6709E000D3DE33 /* XCRemoteSwiftPackageReference "SwiftEvolution" */;
			productName = SwiftEvolution;
		};
		B936DCB02B8E89160087AA5F /* InfiniteNavigation */ = {
			isa = XCSwiftPackageProductDependency;
			productName = InfiniteNavigation;
		};
		B93AF5132BABE72B00204C06 /* SwiftCopyCodeGeneratorPlugin */ = {
			isa = XCSwiftPackageProductDependency;
			package = B93AF5102BABE62B00204C06 /* XCLocalSwiftPackageReference "../../../../Projects/DSC/SwiftCopy" */;
			productName = "plugin:SwiftCopyCodeGeneratorPlugin";
		};
		B93AF51D2BACBE1200204C06 /* SwiftDependencyContainerPlugin */ = {
			isa = XCSwiftPackageProductDependency;
			package = B9D9C7742B7FB39100B15BA8 /* XCLocalSwiftPackageReference "../../../../Projects/DSC/SwiftDependencyContainer" */;
			productName = "plugin:SwiftDependencyContainerPlugin";
		};
		B93AF52D2BACDF3400204C06 /* SwiftDependencyContainer */ = {
			isa = XCSwiftPackageProductDependency;
			package = B9D9C7742B7FB39100B15BA8 /* XCLocalSwiftPackageReference "../../../../Projects/DSC/SwiftDependencyContainer" */;
			productName = SwiftDependencyContainer;
		};
		B9858BD12BAE5C6200DE5BF7 /* SwiftUDF */ = {
			isa = XCSwiftPackageProductDependency;
			package = B99839182B69AFB1003E87A9 /* XCLocalSwiftPackageReference "../../../../Projects/DSC/swift-unidirectional-data-flow" */;
			productName = SwiftUDF;
		};
		B9858BD32BAE5C7700DE5BF7 /* SwiftCodeGen */ = {
			isa = XCSwiftPackageProductDependency;
			package = B9908E1B2B7538D5009D1309 /* XCLocalSwiftPackageReference "../../../../Projects/DSC/SwiftCodeGen" */;
			productName = SwiftCodeGen;
		};
		B9858BD52BAE5C9E00DE5BF7 /* SwiftCopy */ = {
			isa = XCSwiftPackageProductDependency;
			package = B93AF5102BABE62B00204C06 /* XCLocalSwiftPackageReference "../../../../Projects/DSC/SwiftCopy" */;
			productName = SwiftCopy;
		};
		B9858BD72BAE5CA500DE5BF7 /* SwiftCodeGenPlugin */ = {
			isa = XCSwiftPackageProductDependency;
			package = B9908E1B2B7538D5009D1309 /* XCLocalSwiftPackageReference "../../../../Projects/DSC/SwiftCodeGen" */;
			productName = "plugin:SwiftCodeGenPlugin";
		};
		B9858BD92BAE5CA800DE5BF7 /* SwiftCopyCodeGeneratorPlugin */ = {
			isa = XCSwiftPackageProductDependency;
			package = B93AF5102BABE62B00204C06 /* XCLocalSwiftPackageReference "../../../../Projects/DSC/SwiftCopy" */;
			productName = "plugin:SwiftCopyCodeGeneratorPlugin";
		};
		B9908E212B7B1418009D1309 /* SwiftDependencyContainer */ = {
			isa = XCSwiftPackageProductDependency;
			productName = SwiftDependencyContainer;
		};
		B9908E232B7B1424009D1309 /* SwiftDependencyContainerPlugin */ = {
			isa = XCSwiftPackageProductDependency;
			package = B9908E202B7B1418009D1309 /* XCLocalSwiftPackageReference "../../../../Projects/DSC/SwiftDependencyContainer" */;
			productName = "plugin:SwiftDependencyContainerPlugin";
		};
		B998170A2BABD2BC00349606 /* SwiftCopy */ = {
			isa = XCSwiftPackageProductDependency;
			productName = SwiftCopy;
		};
		B9D9C7752B7FB39100B15BA8 /* SwiftDependencyContainer */ = {
			isa = XCSwiftPackageProductDependency;
			productName = SwiftDependencyContainer;
		};
/* End XCSwiftPackageProductDependency section */
	};
	rootObject = B905098C2B6708EC00D3DE33 /* Project object */;
}
