// !$*UTF8*$!
{
	archiveVersion = 1;
	classes = {
	};
	objectVersion = 60;
	objects = {

/* Begin PBXBuildFile section */
		B90509982B6708EC00D3DE33 /* TemplateApp.swift in Sources */ = {isa = PBXBuildFile; fileRef = B90509972B6708EC00D3DE33 /* TemplateApp.swift */; };
		B905099C2B6708EE00D3DE33 /* Assets.xcassets in Resources */ = {isa = PBXBuildFile; fileRef = B905099B2B6708EE00D3DE33 /* Assets.xcassets */; };
		B90509A02B6708EE00D3DE33 /* Preview Assets.xcassets in Resources */ = {isa = PBXBuildFile; fileRef = B905099F2B6708EE00D3DE33 /* Preview Assets.xcassets */; };
		B90509AA2B6708EE00D3DE33 /* TemplateTests.swift in Sources */ = {isa = PBXBuildFile; fileRef = B90509A92B6708EE00D3DE33 /* TemplateTests.swift */; };
		B90ED49D2BB47C3F00AD2102 /* OnboardingTests.swift in Sources */ = {isa = PBXBuildFile; fileRef = B90ED49C2BB47C3F00AD2102 /* OnboardingTests.swift */; };
		B90ED49E2BB47C3F00AD2102 /* Onboarding.framework in Frameworks */ = {isa = PBXBuildFile; fileRef = B9858BE02BAE605400DE5BF7 /* Onboarding.framework */; };
		B927F04A2BAB9A8E001D88BB /* Core.framework in Frameworks */ = {isa = PBXBuildFile; fileRef = B927F0442BAB9A8E001D88BB /* Core.framework */; };
		B927F04B2BAB9A8E001D88BB /* Core.framework in Embed Frameworks */ = {isa = PBXBuildFile; fileRef = B927F0442BAB9A8E001D88BB /* Core.framework */; settings = {ATTRIBUTES = (CodeSignOnCopy, RemoveHeadersOnCopy, ); }; };
		B927F04F2BAB9AAC001D88BB /* LoadableListView.swift in Sources */ = {isa = PBXBuildFile; fileRef = B9D9C7C92B854F8500B15BA8 /* LoadableListView.swift */; };
		B927F0512BAB9AB2001D88BB /* Input.swift in Sources */ = {isa = PBXBuildFile; fileRef = B9D9C78D2B8403BB00B15BA8 /* Input.swift */; };
		B927F0522BAB9AB2001D88BB /* Inputable.swift in Sources */ = {isa = PBXBuildFile; fileRef = B9D9C7C52B85370800B15BA8 /* Inputable.swift */; };
		B927F0532BAB9AB2001D88BB /* TextInput.swift in Sources */ = {isa = PBXBuildFile; fileRef = B9D9C78F2B84046400B15BA8 /* TextInput.swift */; };
		B93AF5232BACC89200204C06 /* BannerView.swift in Sources */ = {isa = PBXBuildFile; fileRef = B998391C2B69B701003E87A9 /* BannerView.swift */; };
		B93AF5242BACC89200204C06 /* BannerView+Present.swift in Sources */ = {isa = PBXBuildFile; fileRef = B9268E9F2B6C637100E8F15F /* BannerView+Present.swift */; };
		B93AF5252BACC89200204C06 /* BannerManager.swift in Sources */ = {isa = PBXBuildFile; fileRef = B9268E9D2B6C587E00E8F15F /* BannerManager.swift */; };
		B93AF52E2BACDF3400204C06 /* SwiftDependencyContainer in Frameworks */ = {isa = PBXBuildFile; productRef = B93AF52D2BACDF3400204C06 /* SwiftDependencyContainer */; };
		B9676D582BB32482006F9273 /* Poppins-Bold.ttf in Resources */ = {isa = PBXBuildFile; fileRef = B9676D502BB32482006F9273 /* Poppins-Bold.ttf */; };
		B9676D592BB32482006F9273 /* Poppins-ExtraLight.ttf in Resources */ = {isa = PBXBuildFile; fileRef = B9676D512BB32482006F9273 /* Poppins-ExtraLight.ttf */; };
		B9676D5A2BB32482006F9273 /* Poppins-Light.ttf in Resources */ = {isa = PBXBuildFile; fileRef = B9676D522BB32482006F9273 /* Poppins-Light.ttf */; };
		B9676D5B2BB32482006F9273 /* Poppins-Medium.ttf in Resources */ = {isa = PBXBuildFile; fileRef = B9676D532BB32482006F9273 /* Poppins-Medium.ttf */; };
		B9676D5C2BB32482006F9273 /* Poppins-Regular.ttf in Resources */ = {isa = PBXBuildFile; fileRef = B9676D542BB32482006F9273 /* Poppins-Regular.ttf */; };
		B9676D5D2BB32482006F9273 /* Poppins-SemiBold.ttf in Resources */ = {isa = PBXBuildFile; fileRef = B9676D552BB32482006F9273 /* Poppins-SemiBold.ttf */; };
		B9676D5E2BB32482006F9273 /* Poppins-Thin.ttf in Resources */ = {isa = PBXBuildFile; fileRef = B9676D562BB32482006F9273 /* Poppins-Thin.ttf */; };
		B9676D602BB324EC006F9273 /* Poppins.swift in Sources */ = {isa = PBXBuildFile; fileRef = B9676D5F2BB324EC006F9273 /* Poppins.swift */; };
		B9676D622BB32508006F9273 /* FontResolvable.swift in Sources */ = {isa = PBXBuildFile; fileRef = B9676D612BB32508006F9273 /* FontResolvable.swift */; };
		B9676D662BB329A6006F9273 /* TextStyle.swift in Sources */ = {isa = PBXBuildFile; fileRef = B9676D652BB329A6006F9273 /* TextStyle.swift */; };
		B9676D682BB3338C006F9273 /* ColorStyle.swift in Sources */ = {isa = PBXBuildFile; fileRef = B9676D672BB3338C006F9273 /* ColorStyle.swift */; };
		B9676D6B2BB3349E006F9273 /* PrimaryButton.swift in Sources */ = {isa = PBXBuildFile; fileRef = B9676D6A2BB3349E006F9273 /* PrimaryButton.swift */; };
		B9676D6D2BB334B5006F9273 /* SimpleButton.swift in Sources */ = {isa = PBXBuildFile; fileRef = B9676D6C2BB334B5006F9273 /* SimpleButton.swift */; };
		B9858BE62BAE605400DE5BF7 /* Onboarding.framework in Frameworks */ = {isa = PBXBuildFile; fileRef = B9858BE02BAE605400DE5BF7 /* Onboarding.framework */; };
		B9858BE72BAE605400DE5BF7 /* Onboarding.framework in Embed Frameworks */ = {isa = PBXBuildFile; fileRef = B9858BE02BAE605400DE5BF7 /* Onboarding.framework */; settings = {ATTRIBUTES = (CodeSignOnCopy, RemoveHeadersOnCopy, ); }; };
		B9858BEB2BAE607000DE5BF7 /* Onboarding.swift in Sources */ = {isa = PBXBuildFile; fileRef = B93AF52B2BACD67A00204C06 /* Onboarding.swift */; };
		B9858BEC2BAE607700DE5BF7 /* LoginView.swift in Sources */ = {isa = PBXBuildFile; fileRef = B9D9C7872B83915C00B15BA8 /* LoginView.swift */; };
		B9858BED2BAE607700DE5BF7 /* LoginModel.swift in Sources */ = {isa = PBXBuildFile; fileRef = B9D9C78B2B83917A00B15BA8 /* LoginModel.swift */; };
		B9858BEE2BAE607700DE5BF7 /* LoginLoop.swift in Sources */ = {isa = PBXBuildFile; fileRef = B9D9C7892B83917300B15BA8 /* LoginLoop.swift */; };
		B9858BF02BAE609000DE5BF7 /* SwiftUDF in Frameworks */ = {isa = PBXBuildFile; productRef = B9858BEF2BAE609000DE5BF7 /* SwiftUDF */; };
		B9858BF22BAE609500DE5BF7 /* SwiftCodeGen in Frameworks */ = {isa = PBXBuildFile; productRef = B9858BF12BAE609500DE5BF7 /* SwiftCodeGen */; };
		B9858BF42BAE609C00DE5BF7 /* SwiftDependencyContainer in Frameworks */ = {isa = PBXBuildFile; productRef = B9858BF32BAE609C00DE5BF7 /* SwiftDependencyContainer */; };
		B9858BF62BAE60A200DE5BF7 /* SwiftCopy in Frameworks */ = {isa = PBXBuildFile; productRef = B9858BF52BAE60A200DE5BF7 /* SwiftCopy */; };
		B9858C082BAF362F00DE5BF7 /* Todos.framework in Frameworks */ = {isa = PBXBuildFile; fileRef = B9858C022BAF362F00DE5BF7 /* Todos.framework */; };
		B9858C092BAF362F00DE5BF7 /* Todos.framework in Embed Frameworks */ = {isa = PBXBuildFile; fileRef = B9858C022BAF362F00DE5BF7 /* Todos.framework */; settings = {ATTRIBUTES = (CodeSignOnCopy, RemoveHeadersOnCopy, ); }; };
		B9858C0E2BAF366900DE5BF7 /* SwiftUDF in Frameworks */ = {isa = PBXBuildFile; productRef = B9858C0D2BAF366900DE5BF7 /* SwiftUDF */; };
		B9858C102BAF366900DE5BF7 /* SwiftCodeGen in Frameworks */ = {isa = PBXBuildFile; productRef = B9858C0F2BAF366900DE5BF7 /* SwiftCodeGen */; };
		B9858C122BAF366900DE5BF7 /* SwiftDependencyContainer in Frameworks */ = {isa = PBXBuildFile; productRef = B9858C112BAF366900DE5BF7 /* SwiftDependencyContainer */; };
		B9858C142BAF366900DE5BF7 /* SwiftCopy in Frameworks */ = {isa = PBXBuildFile; productRef = B9858C132BAF366900DE5BF7 /* SwiftCopy */; };
		B9858C1C2BAF36D200DE5BF7 /* ListView.swift in Sources */ = {isa = PBXBuildFile; fileRef = B90509992B6708EC00D3DE33 /* ListView.swift */; };
		B9858C1D2BAF36D200DE5BF7 /* ListLoop.swift in Sources */ = {isa = PBXBuildFile; fileRef = B90509D92B671A8900D3DE33 /* ListLoop.swift */; };
		B9858C1E2BAF36D200DE5BF7 /* ListModels.swift in Sources */ = {isa = PBXBuildFile; fileRef = B90509DB2B671B4600D3DE33 /* ListModels.swift */; };
		B9858C1F2BAF372A00DE5BF7 /* Core.framework in Frameworks */ = {isa = PBXBuildFile; fileRef = B927F0442BAB9A8E001D88BB /* Core.framework */; };
		B9858C242BAF373300DE5BF7 /* Core.framework in Frameworks */ = {isa = PBXBuildFile; fileRef = B927F0442BAB9A8E001D88BB /* Core.framework */; };
		B9858C292BAF377200DE5BF7 /* DetailView.swift in Sources */ = {isa = PBXBuildFile; fileRef = B9D9C7842B838F3A00B15BA8 /* DetailView.swift */; };
		B9858C2A2BAF377200DE5BF7 /* DetailModel.swift in Sources */ = {isa = PBXBuildFile; fileRef = B9D9C7822B838DC100B15BA8 /* DetailModel.swift */; };
		B9858C2B2BAF377200DE5BF7 /* DetailLoop.swift in Sources */ = {isa = PBXBuildFile; fileRef = B9D9C7802B830FE900B15BA8 /* DetailLoop.swift */; };
		B9858C2C2BAF378F00DE5BF7 /* CreateView.swift in Sources */ = {isa = PBXBuildFile; fileRef = B9B6459F2B8EDDBF00FBE7CF /* CreateView.swift */; };
		B9858C2D2BAF378F00DE5BF7 /* CreateLoop.swift in Sources */ = {isa = PBXBuildFile; fileRef = B9B645A32B8EDDDE00FBE7CF /* CreateLoop.swift */; };
		B9858C2E2BAF378F00DE5BF7 /* CreateModels.swift in Sources */ = {isa = PBXBuildFile; fileRef = B9B645A12B8EDDD700FBE7CF /* CreateModels.swift */; };
		B9858C2F2BAF37A800DE5BF7 /* Navigation.swift in Sources */ = {isa = PBXBuildFile; fileRef = B9D9C7D32B8562CC00B15BA8 /* Navigation.swift */; };
		B9858C332BAF39E200DE5BF7 /* InfiniteNavigation in Frameworks */ = {isa = PBXBuildFile; productRef = B9858C322BAF39E200DE5BF7 /* InfiniteNavigation */; };
		B9858C382BB104A100DE5BF7 /* SwiftEvolution in Frameworks */ = {isa = PBXBuildFile; productRef = B9858C372BB104A100DE5BF7 /* SwiftEvolution */; };
		B9908E222B7B1418009D1309 /* SwiftDependencyContainer in Frameworks */ = {isa = PBXBuildFile; productRef = B9908E212B7B1418009D1309 /* SwiftDependencyContainer */; };
		B99816E72BAB9B6400349606 /* Completion.swift in Sources */ = {isa = PBXBuildFile; fileRef = B99816E42BAB9B6400349606 /* Completion.swift */; };
		B99816E82BAB9B6400349606 /* LoadableData.swift in Sources */ = {isa = PBXBuildFile; fileRef = B99816E52BAB9B6400349606 /* LoadableData.swift */; };
		B99816E92BAB9B8B00349606 /* Appearance.swift in Sources */ = {isa = PBXBuildFile; fileRef = B9D9C79E2B85008300B15BA8 /* Appearance.swift */; };
		B99816FA2BABA66D00349606 /* HttpRequestBuilder.swift in Sources */ = {isa = PBXBuildFile; fileRef = B9908E252B7B216F009D1309 /* HttpRequestBuilder.swift */; };
		B99816FB2BABA66D00349606 /* AuthenticationManager.swift in Sources */ = {isa = PBXBuildFile; fileRef = B9D9C77E2B830DBF00B15BA8 /* AuthenticationManager.swift */; };
		B99816FD2BABA66D00349606 /* Storage.swift in Sources */ = {isa = PBXBuildFile; fileRef = B99839202B69B845003E87A9 /* Storage.swift */; };
		B99817022BABA84700349606 /* Colors.xcassets in Resources */ = {isa = PBXBuildFile; fileRef = B9D9C7972B84F1B200B15BA8 /* Colors.xcassets */; };
		B998170B2BABD2BC00349606 /* SwiftCopy in Frameworks */ = {isa = PBXBuildFile; productRef = B998170A2BABD2BC00349606 /* SwiftCopy */; };
		B998391F2B69B71B003E87A9 /* Dependencies.swift in Sources */ = {isa = PBXBuildFile; fileRef = B998391E2B69B71B003E87A9 /* Dependencies.swift */; };
		B9D9C7762B7FB39100B15BA8 /* SwiftDependencyContainer in Frameworks */ = {isa = PBXBuildFile; productRef = B9D9C7752B7FB39100B15BA8 /* SwiftDependencyContainer */; };
		B9EBFCD32BB5D178005E3A2E /* TodosService.swift in Sources */ = {isa = PBXBuildFile; fileRef = B908F7062B918560006FD099 /* TodosService.swift */; };
		B9EBFCD42BB5D1CC005E3A2E /* Todo.swift in Sources */ = {isa = PBXBuildFile; fileRef = B99817002BABA6C300349606 /* Todo.swift */; };
		B9EBFCD62BB5D1E2005E3A2E /* Api.swift in Sources */ = {isa = PBXBuildFile; fileRef = B9EBFCD52BB5D1E2005E3A2E /* Api.swift */; };
		B9EBFCD82BB5D22E005E3A2E /* HttpEngine.swift in Sources */ = {isa = PBXBuildFile; fileRef = B9EBFCD72BB5D22E005E3A2E /* HttpEngine.swift */; };
		B9EBFCDA2BB5D28D005E3A2E /* Todos.swift in Sources */ = {isa = PBXBuildFile; fileRef = B9EBFCD92BB5D28D005E3A2E /* Todos.swift */; };
		B9EBFCDC2BB5D2F1005E3A2E /* UserDefaults+Storage.swift in Sources */ = {isa = PBXBuildFile; fileRef = B99839232B69B9F3003E87A9 /* UserDefaults+Storage.swift */; };
		B9EBFCE22BBED9F5005E3A2E /* AuthenticationManagerMock.swift in Sources */ = {isa = PBXBuildFile; fileRef = B9EBFCE02BBED9E4005E3A2E /* AuthenticationManagerMock.swift */; };
		B9EBFCE32BBED9F5005E3A2E /* AuthenticationManagerMock.swift in Sources */ = {isa = PBXBuildFile; fileRef = B9EBFCE02BBED9E4005E3A2E /* AuthenticationManagerMock.swift */; };
		B9EBFCE52BBEDA46005E3A2E /* ValueSpy.swift in Sources */ = {isa = PBXBuildFile; fileRef = B9EBFCE42BBEDA46005E3A2E /* ValueSpy.swift */; };
		B9EBFCE62BBEDA46005E3A2E /* ValueSpy.swift in Sources */ = {isa = PBXBuildFile; fileRef = B9EBFCE42BBEDA46005E3A2E /* ValueSpy.swift */; };
		B9EBFCE72BBEDA46005E3A2E /* ValueSpy.swift in Sources */ = {isa = PBXBuildFile; fileRef = B9EBFCE42BBEDA46005E3A2E /* ValueSpy.swift */; };
		B9EBFCEA2BBEDE8D005E3A2E /* Api.swift in Sources */ = {isa = PBXBuildFile; fileRef = B9EBFCE92BBEDE8D005E3A2E /* Api.swift */; };
		B9EBFCEC2BBEE055005E3A2E /* AuthenticationManagerImpl.swift in Sources */ = {isa = PBXBuildFile; fileRef = B9EBFCEB2BBEE055005E3A2E /* AuthenticationManagerImpl.swift */; };
		B9EBFCEE2BBEEEA2005E3A2E /* HttpEngine+Mock.swift in Sources */ = {isa = PBXBuildFile; fileRef = B9EBFCED2BBEEEA2005E3A2E /* HttpEngine+Mock.swift */; };
/* End PBXBuildFile section */

/* Begin PBXContainerItemProxy section */
		B90509A62B6708EE00D3DE33 /* PBXContainerItemProxy */ = {
			isa = PBXContainerItemProxy;
			containerPortal = B905098C2B6708EC00D3DE33 /* Project object */;
			proxyType = 1;
			remoteGlobalIDString = B90509932B6708EC00D3DE33;
			remoteInfo = Template;
		};
		B90ED49F2BB47C3F00AD2102 /* PBXContainerItemProxy */ = {
			isa = PBXContainerItemProxy;
			containerPortal = B905098C2B6708EC00D3DE33 /* Project object */;
			proxyType = 1;
			remoteGlobalIDString = B9858BDF2BAE605400DE5BF7;
			remoteInfo = Onboarding;
		};
		B927F0482BAB9A8E001D88BB /* PBXContainerItemProxy */ = {
			isa = PBXContainerItemProxy;
			containerPortal = B905098C2B6708EC00D3DE33 /* Project object */;
			proxyType = 1;
			remoteGlobalIDString = B927F0432BAB9A8E001D88BB;
			remoteInfo = Core;
		};
		B9858BE42BAE605400DE5BF7 /* PBXContainerItemProxy */ = {
			isa = PBXContainerItemProxy;
			containerPortal = B905098C2B6708EC00D3DE33 /* Project object */;
			proxyType = 1;
			remoteGlobalIDString = B9858BDF2BAE605400DE5BF7;
			remoteInfo = Onboarding;
		};
		B9858C062BAF362F00DE5BF7 /* PBXContainerItemProxy */ = {
			isa = PBXContainerItemProxy;
			containerPortal = B905098C2B6708EC00D3DE33 /* Project object */;
			proxyType = 1;
			remoteGlobalIDString = B9858C012BAF362F00DE5BF7;
			remoteInfo = Todos;
		};
		B9858C212BAF372A00DE5BF7 /* PBXContainerItemProxy */ = {
			isa = PBXContainerItemProxy;
			containerPortal = B905098C2B6708EC00D3DE33 /* Project object */;
			proxyType = 1;
			remoteGlobalIDString = B927F0432BAB9A8E001D88BB;
			remoteInfo = Core;
		};
		B9858C262BAF373300DE5BF7 /* PBXContainerItemProxy */ = {
			isa = PBXContainerItemProxy;
			containerPortal = B905098C2B6708EC00D3DE33 /* Project object */;
			proxyType = 1;
			remoteGlobalIDString = B927F0432BAB9A8E001D88BB;
			remoteInfo = Core;
		};
/* End PBXContainerItemProxy section */

/* Begin PBXCopyFilesBuildPhase section */
		B9D9C7B02B8500A000B15BA8 /* Embed Frameworks */ = {
			isa = PBXCopyFilesBuildPhase;
			buildActionMask = 2147483647;
			dstPath = "";
			dstSubfolderSpec = 10;
			files = (
				B927F04B2BAB9A8E001D88BB /* Core.framework in Embed Frameworks */,
				B9858BE72BAE605400DE5BF7 /* Onboarding.framework in Embed Frameworks */,
				B9858C092BAF362F00DE5BF7 /* Todos.framework in Embed Frameworks */,
			);
			name = "Embed Frameworks";
			runOnlyForDeploymentPostprocessing = 0;
		};
/* End PBXCopyFilesBuildPhase section */

/* Begin PBXFileReference section */
		B90509942B6708EC00D3DE33 /* Template.app */ = {isa = PBXFileReference; explicitFileType = wrapper.application; includeInIndex = 0; path = Template.app; sourceTree = BUILT_PRODUCTS_DIR; };
		B90509972B6708EC00D3DE33 /* TemplateApp.swift */ = {isa = PBXFileReference; lastKnownFileType = sourcecode.swift; path = TemplateApp.swift; sourceTree = "<group>"; };
		B90509992B6708EC00D3DE33 /* ListView.swift */ = {isa = PBXFileReference; lastKnownFileType = sourcecode.swift; path = ListView.swift; sourceTree = "<group>"; };
		B905099B2B6708EE00D3DE33 /* Assets.xcassets */ = {isa = PBXFileReference; lastKnownFileType = folder.assetcatalog; path = Assets.xcassets; sourceTree = "<group>"; };
		B905099D2B6708EE00D3DE33 /* Template.entitlements */ = {isa = PBXFileReference; lastKnownFileType = text.plist.entitlements; path = Template.entitlements; sourceTree = "<group>"; };
		B905099F2B6708EE00D3DE33 /* Preview Assets.xcassets */ = {isa = PBXFileReference; lastKnownFileType = folder.assetcatalog; path = "Preview Assets.xcassets"; sourceTree = "<group>"; };
		B90509A52B6708EE00D3DE33 /* TemplateTests.xctest */ = {isa = PBXFileReference; explicitFileType = wrapper.cfbundle; includeInIndex = 0; path = TemplateTests.xctest; sourceTree = BUILT_PRODUCTS_DIR; };
		B90509A92B6708EE00D3DE33 /* TemplateTests.swift */ = {isa = PBXFileReference; lastKnownFileType = sourcecode.swift; path = TemplateTests.swift; sourceTree = "<group>"; };
		B90509D92B671A8900D3DE33 /* ListLoop.swift */ = {isa = PBXFileReference; lastKnownFileType = sourcecode.swift; path = ListLoop.swift; sourceTree = "<group>"; };
		B90509DB2B671B4600D3DE33 /* ListModels.swift */ = {isa = PBXFileReference; lastKnownFileType = sourcecode.swift; path = ListModels.swift; sourceTree = "<group>"; };
		B908F7062B918560006FD099 /* TodosService.swift */ = {isa = PBXFileReference; lastKnownFileType = sourcecode.swift; path = TodosService.swift; sourceTree = "<group>"; };
		B90ED49A2BB47C3F00AD2102 /* OnboardingTests.xctest */ = {isa = PBXFileReference; explicitFileType = wrapper.cfbundle; includeInIndex = 0; path = OnboardingTests.xctest; sourceTree = BUILT_PRODUCTS_DIR; };
		B90ED49C2BB47C3F00AD2102 /* OnboardingTests.swift */ = {isa = PBXFileReference; lastKnownFileType = sourcecode.swift; path = OnboardingTests.swift; sourceTree = "<group>"; };
		B9268E9D2B6C587E00E8F15F /* BannerManager.swift */ = {isa = PBXFileReference; lastKnownFileType = sourcecode.swift; path = BannerManager.swift; sourceTree = "<group>"; };
		B9268E9F2B6C637100E8F15F /* BannerView+Present.swift */ = {isa = PBXFileReference; lastKnownFileType = sourcecode.swift; path = "BannerView+Present.swift"; sourceTree = "<group>"; };
		B927F0442BAB9A8E001D88BB /* Core.framework */ = {isa = PBXFileReference; explicitFileType = wrapper.framework; includeInIndex = 0; path = Core.framework; sourceTree = BUILT_PRODUCTS_DIR; };
		B93AF52B2BACD67A00204C06 /* Onboarding.swift */ = {isa = PBXFileReference; lastKnownFileType = sourcecode.swift; path = Onboarding.swift; sourceTree = "<group>"; };
		B9676D502BB32482006F9273 /* Poppins-Bold.ttf */ = {isa = PBXFileReference; lastKnownFileType = file; path = "Poppins-Bold.ttf"; sourceTree = "<group>"; };
		B9676D512BB32482006F9273 /* Poppins-ExtraLight.ttf */ = {isa = PBXFileReference; lastKnownFileType = file; path = "Poppins-ExtraLight.ttf"; sourceTree = "<group>"; };
		B9676D522BB32482006F9273 /* Poppins-Light.ttf */ = {isa = PBXFileReference; lastKnownFileType = file; path = "Poppins-Light.ttf"; sourceTree = "<group>"; };
		B9676D532BB32482006F9273 /* Poppins-Medium.ttf */ = {isa = PBXFileReference; lastKnownFileType = file; path = "Poppins-Medium.ttf"; sourceTree = "<group>"; };
		B9676D542BB32482006F9273 /* Poppins-Regular.ttf */ = {isa = PBXFileReference; lastKnownFileType = file; path = "Poppins-Regular.ttf"; sourceTree = "<group>"; };
		B9676D552BB32482006F9273 /* Poppins-SemiBold.ttf */ = {isa = PBXFileReference; lastKnownFileType = file; path = "Poppins-SemiBold.ttf"; sourceTree = "<group>"; };
		B9676D562BB32482006F9273 /* Poppins-Thin.ttf */ = {isa = PBXFileReference; lastKnownFileType = file; path = "Poppins-Thin.ttf"; sourceTree = "<group>"; };
		B9676D5F2BB324EC006F9273 /* Poppins.swift */ = {isa = PBXFileReference; lastKnownFileType = sourcecode.swift; path = Poppins.swift; sourceTree = "<group>"; };
		B9676D612BB32508006F9273 /* FontResolvable.swift */ = {isa = PBXFileReference; lastKnownFileType = sourcecode.swift; path = FontResolvable.swift; sourceTree = "<group>"; };
		B9676D652BB329A6006F9273 /* TextStyle.swift */ = {isa = PBXFileReference; lastKnownFileType = sourcecode.swift; path = TextStyle.swift; sourceTree = "<group>"; };
		B9676D672BB3338C006F9273 /* ColorStyle.swift */ = {isa = PBXFileReference; lastKnownFileType = sourcecode.swift; path = ColorStyle.swift; sourceTree = "<group>"; };
		B9676D6A2BB3349E006F9273 /* PrimaryButton.swift */ = {isa = PBXFileReference; fileEncoding = 4; lastKnownFileType = sourcecode.swift; path = PrimaryButton.swift; sourceTree = "<group>"; };
		B9676D6C2BB334B5006F9273 /* SimpleButton.swift */ = {isa = PBXFileReference; lastKnownFileType = sourcecode.swift; path = SimpleButton.swift; sourceTree = "<group>"; };
		B9858BE02BAE605400DE5BF7 /* Onboarding.framework */ = {isa = PBXFileReference; explicitFileType = wrapper.framework; includeInIndex = 0; path = Onboarding.framework; sourceTree = BUILT_PRODUCTS_DIR; };
		B9858C022BAF362F00DE5BF7 /* Todos.framework */ = {isa = PBXFileReference; explicitFileType = wrapper.framework; includeInIndex = 0; path = Todos.framework; sourceTree = BUILT_PRODUCTS_DIR; };
		B9908E252B7B216F009D1309 /* HttpRequestBuilder.swift */ = {isa = PBXFileReference; lastKnownFileType = sourcecode.swift; path = HttpRequestBuilder.swift; sourceTree = "<group>"; };
		B99816E42BAB9B6400349606 /* Completion.swift */ = {isa = PBXFileReference; fileEncoding = 4; lastKnownFileType = sourcecode.swift; path = Completion.swift; sourceTree = "<group>"; };
		B99816E52BAB9B6400349606 /* LoadableData.swift */ = {isa = PBXFileReference; fileEncoding = 4; lastKnownFileType = sourcecode.swift; path = LoadableData.swift; sourceTree = "<group>"; };
		B99817002BABA6C300349606 /* Todo.swift */ = {isa = PBXFileReference; lastKnownFileType = sourcecode.swift; path = Todo.swift; sourceTree = "<group>"; };
		B998391C2B69B701003E87A9 /* BannerView.swift */ = {isa = PBXFileReference; lastKnownFileType = sourcecode.swift; path = BannerView.swift; sourceTree = "<group>"; };
		B998391E2B69B71B003E87A9 /* Dependencies.swift */ = {isa = PBXFileReference; lastKnownFileType = sourcecode.swift; path = Dependencies.swift; sourceTree = "<group>"; };
		B99839202B69B845003E87A9 /* Storage.swift */ = {isa = PBXFileReference; lastKnownFileType = sourcecode.swift; path = Storage.swift; sourceTree = "<group>"; };
		B99839232B69B9F3003E87A9 /* UserDefaults+Storage.swift */ = {isa = PBXFileReference; lastKnownFileType = sourcecode.swift; path = "UserDefaults+Storage.swift"; sourceTree = "<group>"; };
		B9B6459F2B8EDDBF00FBE7CF /* CreateView.swift */ = {isa = PBXFileReference; lastKnownFileType = sourcecode.swift; path = CreateView.swift; sourceTree = "<group>"; };
		B9B645A12B8EDDD700FBE7CF /* CreateModels.swift */ = {isa = PBXFileReference; lastKnownFileType = sourcecode.swift; path = CreateModels.swift; sourceTree = "<group>"; };
		B9B645A32B8EDDDE00FBE7CF /* CreateLoop.swift */ = {isa = PBXFileReference; lastKnownFileType = sourcecode.swift; path = CreateLoop.swift; sourceTree = "<group>"; };
		B9D9C77E2B830DBF00B15BA8 /* AuthenticationManager.swift */ = {isa = PBXFileReference; lastKnownFileType = sourcecode.swift; path = AuthenticationManager.swift; sourceTree = "<group>"; };
		B9D9C7802B830FE900B15BA8 /* DetailLoop.swift */ = {isa = PBXFileReference; lastKnownFileType = sourcecode.swift; path = DetailLoop.swift; sourceTree = "<group>"; };
		B9D9C7822B838DC100B15BA8 /* DetailModel.swift */ = {isa = PBXFileReference; lastKnownFileType = sourcecode.swift; path = DetailModel.swift; sourceTree = "<group>"; };
		B9D9C7842B838F3A00B15BA8 /* DetailView.swift */ = {isa = PBXFileReference; lastKnownFileType = sourcecode.swift; path = DetailView.swift; sourceTree = "<group>"; };
		B9D9C7872B83915C00B15BA8 /* LoginView.swift */ = {isa = PBXFileReference; lastKnownFileType = sourcecode.swift; path = LoginView.swift; sourceTree = "<group>"; };
		B9D9C7892B83917300B15BA8 /* LoginLoop.swift */ = {isa = PBXFileReference; lastKnownFileType = sourcecode.swift; path = LoginLoop.swift; sourceTree = "<group>"; };
		B9D9C78B2B83917A00B15BA8 /* LoginModel.swift */ = {isa = PBXFileReference; lastKnownFileType = sourcecode.swift; path = LoginModel.swift; sourceTree = "<group>"; };
		B9D9C78D2B8403BB00B15BA8 /* Input.swift */ = {isa = PBXFileReference; lastKnownFileType = sourcecode.swift; path = Input.swift; sourceTree = "<group>"; };
		B9D9C78F2B84046400B15BA8 /* TextInput.swift */ = {isa = PBXFileReference; lastKnownFileType = sourcecode.swift; path = TextInput.swift; sourceTree = "<group>"; };
		B9D9C7972B84F1B200B15BA8 /* Colors.xcassets */ = {isa = PBXFileReference; lastKnownFileType = folder.assetcatalog; path = Colors.xcassets; sourceTree = "<group>"; };
		B9D9C79E2B85008300B15BA8 /* Appearance.swift */ = {isa = PBXFileReference; lastKnownFileType = sourcecode.swift; path = Appearance.swift; sourceTree = "<group>"; };
		B9D9C7C52B85370800B15BA8 /* Inputable.swift */ = {isa = PBXFileReference; lastKnownFileType = sourcecode.swift; path = Inputable.swift; sourceTree = "<group>"; };
		B9D9C7C92B854F8500B15BA8 /* LoadableListView.swift */ = {isa = PBXFileReference; lastKnownFileType = sourcecode.swift; path = LoadableListView.swift; sourceTree = "<group>"; };
		B9D9C7D32B8562CC00B15BA8 /* Navigation.swift */ = {isa = PBXFileReference; lastKnownFileType = sourcecode.swift; path = Navigation.swift; sourceTree = "<group>"; };
		B9EBFCD52BB5D1E2005E3A2E /* Api.swift */ = {isa = PBXFileReference; lastKnownFileType = sourcecode.swift; path = Api.swift; sourceTree = "<group>"; };
		B9EBFCD72BB5D22E005E3A2E /* HttpEngine.swift */ = {isa = PBXFileReference; lastKnownFileType = sourcecode.swift; path = HttpEngine.swift; sourceTree = "<group>"; };
		B9EBFCD92BB5D28D005E3A2E /* Todos.swift */ = {isa = PBXFileReference; fileEncoding = 4; lastKnownFileType = sourcecode.swift; path = Todos.swift; sourceTree = "<group>"; };
		B9EBFCE02BBED9E4005E3A2E /* AuthenticationManagerMock.swift */ = {isa = PBXFileReference; lastKnownFileType = sourcecode.swift; path = AuthenticationManagerMock.swift; sourceTree = "<group>"; };
		B9EBFCE42BBEDA46005E3A2E /* ValueSpy.swift */ = {isa = PBXFileReference; lastKnownFileType = sourcecode.swift; path = ValueSpy.swift; sourceTree = "<group>"; };
		B9EBFCE92BBEDE8D005E3A2E /* Api.swift */ = {isa = PBXFileReference; lastKnownFileType = sourcecode.swift; path = Api.swift; sourceTree = "<group>"; };
		B9EBFCEB2BBEE055005E3A2E /* AuthenticationManagerImpl.swift */ = {isa = PBXFileReference; lastKnownFileType = sourcecode.swift; path = AuthenticationManagerImpl.swift; sourceTree = "<group>"; };
		B9EBFCED2BBEEEA2005E3A2E /* HttpEngine+Mock.swift */ = {isa = PBXFileReference; lastKnownFileType = sourcecode.swift; path = "HttpEngine+Mock.swift"; sourceTree = "<group>"; };
/* End PBXFileReference section */

/* Begin PBXFrameworksBuildPhase section */
		B90509912B6708EC00D3DE33 /* Frameworks */ = {
			isa = PBXFrameworksBuildPhase;
			buildActionMask = 2147483647;
			files = (
				B9D9C7762B7FB39100B15BA8 /* SwiftDependencyContainer in Frameworks */,
				B9858C082BAF362F00DE5BF7 /* Todos.framework in Frameworks */,
				B9908E222B7B1418009D1309 /* SwiftDependencyContainer in Frameworks */,
				B9858BE62BAE605400DE5BF7 /* Onboarding.framework in Frameworks */,
				B927F04A2BAB9A8E001D88BB /* Core.framework in Frameworks */,
			);
			runOnlyForDeploymentPostprocessing = 0;
		};
		B90509A22B6708EE00D3DE33 /* Frameworks */ = {
			isa = PBXFrameworksBuildPhase;
			buildActionMask = 2147483647;
			files = (
			);
			runOnlyForDeploymentPostprocessing = 0;
		};
		B90ED4972BB47C3F00AD2102 /* Frameworks */ = {
			isa = PBXFrameworksBuildPhase;
			buildActionMask = 2147483647;
			files = (
				B90ED49E2BB47C3F00AD2102 /* Onboarding.framework in Frameworks */,
			);
			runOnlyForDeploymentPostprocessing = 0;
		};
		B927F0412BAB9A8E001D88BB /* Frameworks */ = {
			isa = PBXFrameworksBuildPhase;
			buildActionMask = 2147483647;
			files = (
				B9858C382BB104A100DE5BF7 /* SwiftEvolution in Frameworks */,
				B93AF52E2BACDF3400204C06 /* SwiftDependencyContainer in Frameworks */,
				B998170B2BABD2BC00349606 /* SwiftCopy in Frameworks */,
			);
			runOnlyForDeploymentPostprocessing = 0;
		};
		B9858BDD2BAE605400DE5BF7 /* Frameworks */ = {
			isa = PBXFrameworksBuildPhase;
			buildActionMask = 2147483647;
			files = (
				B9858BF42BAE609C00DE5BF7 /* SwiftDependencyContainer in Frameworks */,
				B9858BF62BAE60A200DE5BF7 /* SwiftCopy in Frameworks */,
				B9858BF22BAE609500DE5BF7 /* SwiftCodeGen in Frameworks */,
				B9858C242BAF373300DE5BF7 /* Core.framework in Frameworks */,
				B9858BF02BAE609000DE5BF7 /* SwiftUDF in Frameworks */,
			);
			runOnlyForDeploymentPostprocessing = 0;
		};
		B9858BFF2BAF362F00DE5BF7 /* Frameworks */ = {
			isa = PBXFrameworksBuildPhase;
			buildActionMask = 2147483647;
			files = (
				B9858C122BAF366900DE5BF7 /* SwiftDependencyContainer in Frameworks */,
				B9858C142BAF366900DE5BF7 /* SwiftCopy in Frameworks */,
				B9858C332BAF39E200DE5BF7 /* InfiniteNavigation in Frameworks */,
				B9858C102BAF366900DE5BF7 /* SwiftCodeGen in Frameworks */,
				B9858C1F2BAF372A00DE5BF7 /* Core.framework in Frameworks */,
				B9858C0E2BAF366900DE5BF7 /* SwiftUDF in Frameworks */,
			);
			runOnlyForDeploymentPostprocessing = 0;
		};
/* End PBXFrameworksBuildPhase section */

/* Begin PBXGroup section */
		B905098B2B6708EC00D3DE33 = {
			isa = PBXGroup;
			children = (
				B90509962B6708EC00D3DE33 /* Template */,
				B9EBFCDD2BBED9AB005E3A2E /* Tests */,
				B9858BE12BAE605400DE5BF7 /* Onboarding */,
				B9858C032BAF362F00DE5BF7 /* Todos */,
				B927F0452BAB9A8E001D88BB /* Core */,
				B90509952B6708EC00D3DE33 /* Products */,
				B99839152B69AF64003E87A9 /* Frameworks */,
			);
			sourceTree = "<group>";
		};
		B90509952B6708EC00D3DE33 /* Products */ = {
			isa = PBXGroup;
			children = (
				B90509942B6708EC00D3DE33 /* Template.app */,
				B90509A52B6708EE00D3DE33 /* TemplateTests.xctest */,
				B927F0442BAB9A8E001D88BB /* Core.framework */,
				B9858BE02BAE605400DE5BF7 /* Onboarding.framework */,
				B9858C022BAF362F00DE5BF7 /* Todos.framework */,
				B90ED49A2BB47C3F00AD2102 /* OnboardingTests.xctest */,
			);
			name = Products;
			sourceTree = "<group>";
		};
		B90509962B6708EC00D3DE33 /* Template */ = {
			isa = PBXGroup;
			children = (
				B90509972B6708EC00D3DE33 /* TemplateApp.swift */,
				B998391E2B69B71B003E87A9 /* Dependencies.swift */,
				B99839232B69B9F3003E87A9 /* UserDefaults+Storage.swift */,
				B90509C22B67091700D3DE33 /* Resources */,
			);
			path = Template;
			sourceTree = "<group>";
		};
		B905099E2B6708EE00D3DE33 /* Preview Content */ = {
			isa = PBXGroup;
			children = (
				B905099F2B6708EE00D3DE33 /* Preview Assets.xcassets */,
			);
			path = "Preview Content";
			sourceTree = "<group>";
		};
		B90509A82B6708EE00D3DE33 /* TemplateTests */ = {
			isa = PBXGroup;
			children = (
				B90509A92B6708EE00D3DE33 /* TemplateTests.swift */,
			);
			path = TemplateTests;
			sourceTree = "<group>";
		};
		B90509C22B67091700D3DE33 /* Resources */ = {
			isa = PBXGroup;
			children = (
				B905099B2B6708EE00D3DE33 /* Assets.xcassets */,
				B905099D2B6708EE00D3DE33 /* Template.entitlements */,
				B905099E2B6708EE00D3DE33 /* Preview Content */,
			);
			path = Resources;
			sourceTree = "<group>";
		};
		B90ED49B2BB47C3F00AD2102 /* OnboardingTests */ = {
			isa = PBXGroup;
			children = (
				B90ED49C2BB47C3F00AD2102 /* OnboardingTests.swift */,
			);
			path = OnboardingTests;
			sourceTree = "<group>";
		};
		B927F0452BAB9A8E001D88BB /* Core */ = {
			isa = PBXGroup;
			children = (
				B99839222B69B9B0003E87A9 /* Data */,
				B9D9C7862B83914600B15BA8 /* UI */,
				B99816E62BAB9B6400349606 /* Helper */,
			);
			path = Core;
			sourceTree = "<group>";
		};
		B9676D4F2BB30DCE006F9273 /* Font */ = {
			isa = PBXGroup;
			children = (
				B9676D612BB32508006F9273 /* FontResolvable.swift */,
				B9676D572BB32482006F9273 /* Poppins */,
			);
			path = Font;
			sourceTree = "<group>";
		};
		B9676D572BB32482006F9273 /* Poppins */ = {
			isa = PBXGroup;
			children = (
				B9676D5F2BB324EC006F9273 /* Poppins.swift */,
				B9676D502BB32482006F9273 /* Poppins-Bold.ttf */,
				B9676D512BB32482006F9273 /* Poppins-ExtraLight.ttf */,
				B9676D522BB32482006F9273 /* Poppins-Light.ttf */,
				B9676D532BB32482006F9273 /* Poppins-Medium.ttf */,
				B9676D542BB32482006F9273 /* Poppins-Regular.ttf */,
				B9676D552BB32482006F9273 /* Poppins-SemiBold.ttf */,
				B9676D562BB32482006F9273 /* Poppins-Thin.ttf */,
			);
			path = Poppins;
			sourceTree = "<group>";
		};
		B9676D692BB33485006F9273 /* Button */ = {
			isa = PBXGroup;
			children = (
				B9676D6A2BB3349E006F9273 /* PrimaryButton.swift */,
				B9676D6C2BB334B5006F9273 /* SimpleButton.swift */,
			);
			path = Button;
			sourceTree = "<group>";
		};
		B9858BE12BAE605400DE5BF7 /* Onboarding */ = {
			isa = PBXGroup;
			children = (
				B93AF52B2BACD67A00204C06 /* Onboarding.swift */,
				B9EBFCE82BBEDE82005E3A2E /* Data */,
				B9D9C77B2B830D9300B15BA8 /* Login */,
			);
			path = Onboarding;
			sourceTree = "<group>";
		};
		B9858C032BAF362F00DE5BF7 /* Todos */ = {
			isa = PBXGroup;
			children = (
				B9EBFCD92BB5D28D005E3A2E /* Todos.swift */,
				B9D9C7D32B8562CC00B15BA8 /* Navigation.swift */,
				B9EBFCDB2BB5D297005E3A2E /* Data */,
				B9D9C77C2B830D9A00B15BA8 /* List */,
				B9D9C77D2B830DA300B15BA8 /* Detail */,
				B9B6459E2B8EDB5400FBE7CF /* Create */,
			);
			path = Todos;
			sourceTree = "<group>";
		};
		B99816E62BAB9B6400349606 /* Helper */ = {
			isa = PBXGroup;
			children = (
				B99816E42BAB9B6400349606 /* Completion.swift */,
				B99816E52BAB9B6400349606 /* LoadableData.swift */,
			);
			path = Helper;
			sourceTree = "<group>";
		};
		B99839152B69AF64003E87A9 /* Frameworks */ = {
			isa = PBXGroup;
			children = (
			);
			name = Frameworks;
			sourceTree = "<group>";
		};
		B998391B2B69B6F4003E87A9 /* Banner */ = {
			isa = PBXGroup;
			children = (
				B998391C2B69B701003E87A9 /* BannerView.swift */,
				B9268E9F2B6C637100E8F15F /* BannerView+Present.swift */,
				B9268E9D2B6C587E00E8F15F /* BannerManager.swift */,
			);
			path = Banner;
			sourceTree = "<group>";
		};
		B99839222B69B9B0003E87A9 /* Data */ = {
			isa = PBXGroup;
			children = (
				B99839202B69B845003E87A9 /* Storage.swift */,
				B9D9C77E2B830DBF00B15BA8 /* AuthenticationManager.swift */,
				B9908E252B7B216F009D1309 /* HttpRequestBuilder.swift */,
				B9EBFCD72BB5D22E005E3A2E /* HttpEngine.swift */,
				B9EBFCED2BBEEEA2005E3A2E /* HttpEngine+Mock.swift */,
			);
			path = Data;
			sourceTree = "<group>";
		};
		B9B6459E2B8EDB5400FBE7CF /* Create */ = {
			isa = PBXGroup;
			children = (
				B9B6459F2B8EDDBF00FBE7CF /* CreateView.swift */,
				B9B645A12B8EDDD700FBE7CF /* CreateModels.swift */,
				B9B645A32B8EDDDE00FBE7CF /* CreateLoop.swift */,
			);
			path = Create;
			sourceTree = "<group>";
		};
		B9D9C77B2B830D9300B15BA8 /* Login */ = {
			isa = PBXGroup;
			children = (
				B9D9C7872B83915C00B15BA8 /* LoginView.swift */,
				B9D9C78B2B83917A00B15BA8 /* LoginModel.swift */,
				B9D9C7892B83917300B15BA8 /* LoginLoop.swift */,
			);
			path = Login;
			sourceTree = "<group>";
		};
		B9D9C77C2B830D9A00B15BA8 /* List */ = {
			isa = PBXGroup;
			children = (
				B90509992B6708EC00D3DE33 /* ListView.swift */,
				B90509DB2B671B4600D3DE33 /* ListModels.swift */,
				B90509D92B671A8900D3DE33 /* ListLoop.swift */,
			);
			path = List;
			sourceTree = "<group>";
		};
		B9D9C77D2B830DA300B15BA8 /* Detail */ = {
			isa = PBXGroup;
			children = (
				B9D9C7842B838F3A00B15BA8 /* DetailView.swift */,
				B9D9C7822B838DC100B15BA8 /* DetailModel.swift */,
				B9D9C7802B830FE900B15BA8 /* DetailLoop.swift */,
			);
			path = Detail;
			sourceTree = "<group>";
		};
		B9D9C7862B83914600B15BA8 /* UI */ = {
			isa = PBXGroup;
			children = (
				B9D9C79E2B85008300B15BA8 /* Appearance.swift */,
				B9676D672BB3338C006F9273 /* ColorStyle.swift */,
				B9D9C7972B84F1B200B15BA8 /* Colors.xcassets */,
				B9676D4F2BB30DCE006F9273 /* Font */,
				B998391B2B69B6F4003E87A9 /* Banner */,
				B9D9C7B32B85016A00B15BA8 /* Text */,
				B9676D692BB33485006F9273 /* Button */,
				B9D9C7C92B854F8500B15BA8 /* LoadableListView.swift */,
			);
			path = UI;
			sourceTree = "<group>";
		};
		B9D9C7B32B85016A00B15BA8 /* Text */ = {
			isa = PBXGroup;
			children = (
				B9D9C78F2B84046400B15BA8 /* TextInput.swift */,
				B9D9C78D2B8403BB00B15BA8 /* Input.swift */,
				B9D9C7C52B85370800B15BA8 /* Inputable.swift */,
				B9676D652BB329A6006F9273 /* TextStyle.swift */,
			);
			path = Text;
			sourceTree = "<group>";
		};
		B9EBFCDB2BB5D297005E3A2E /* Data */ = {
			isa = PBXGroup;
			children = (
				B908F7062B918560006FD099 /* TodosService.swift */,
				B99817002BABA6C300349606 /* Todo.swift */,
				B9EBFCD52BB5D1E2005E3A2E /* Api.swift */,
			);
			path = Data;
			sourceTree = "<group>";
		};
		B9EBFCDD2BBED9AB005E3A2E /* Tests */ = {
			isa = PBXGroup;
			children = (
				B90509A82B6708EE00D3DE33 /* TemplateTests */,
				B90ED49B2BB47C3F00AD2102 /* OnboardingTests */,
				B9EBFCDE2BBED9CA005E3A2E /* Helper */,
			);
			path = Tests;
			sourceTree = "<group>";
		};
		B9EBFCDE2BBED9CA005E3A2E /* Helper */ = {
			isa = PBXGroup;
			children = (
				B9EBFCE42BBEDA46005E3A2E /* ValueSpy.swift */,
				B9EBFCDF2BBED9DB005E3A2E /* Mocks */,
			);
			path = Helper;
			sourceTree = "<group>";
		};
		B9EBFCDF2BBED9DB005E3A2E /* Mocks */ = {
			isa = PBXGroup;
			children = (
				B9EBFCE02BBED9E4005E3A2E /* AuthenticationManagerMock.swift */,
			);
			path = Mocks;
			sourceTree = "<group>";
		};
		B9EBFCE82BBEDE82005E3A2E /* Data */ = {
			isa = PBXGroup;
			children = (
				B9EBFCE92BBEDE8D005E3A2E /* Api.swift */,
				B9EBFCEB2BBEE055005E3A2E /* AuthenticationManagerImpl.swift */,
			);
			path = Data;
			sourceTree = "<group>";
		};
/* End PBXGroup section */

/* Begin PBXHeadersBuildPhase section */
		B927F03F2BAB9A8E001D88BB /* Headers */ = {
			isa = PBXHeadersBuildPhase;
			buildActionMask = 2147483647;
			files = (
			);
			runOnlyForDeploymentPostprocessing = 0;
		};
		B9858BDB2BAE605400DE5BF7 /* Headers */ = {
			isa = PBXHeadersBuildPhase;
			buildActionMask = 2147483647;
			files = (
			);
			runOnlyForDeploymentPostprocessing = 0;
		};
		B9858BFD2BAF362F00DE5BF7 /* Headers */ = {
			isa = PBXHeadersBuildPhase;
			buildActionMask = 2147483647;
			files = (
			);
			runOnlyForDeploymentPostprocessing = 0;
		};
/* End PBXHeadersBuildPhase section */

/* Begin PBXNativeTarget section */
		B90509932B6708EC00D3DE33 /* Template */ = {
			isa = PBXNativeTarget;
			buildConfigurationList = B90509B92B6708EE00D3DE33 /* Build configuration list for PBXNativeTarget "Template" */;
			buildPhases = (
				B90509902B6708EC00D3DE33 /* Sources */,
				B90509912B6708EC00D3DE33 /* Frameworks */,
				B90509922B6708EC00D3DE33 /* Resources */,
				B9D9C7B02B8500A000B15BA8 /* Embed Frameworks */,
			);
			buildRules = (
			);
			dependencies = (
				B9858BDA2BAE5CA800DE5BF7 /* PBXTargetDependency */,
				B9858BD82BAE5CA500DE5BF7 /* PBXTargetDependency */,
				B9908E242B7B1424009D1309 /* PBXTargetDependency */,
				B927F0492BAB9A8E001D88BB /* PBXTargetDependency */,
				B9858BE52BAE605400DE5BF7 /* PBXTargetDependency */,
				B9858C072BAF362F00DE5BF7 /* PBXTargetDependency */,
			);
			name = Template;
			packageProductDependencies = (
				B9908E212B7B1418009D1309 /* SwiftDependencyContainer */,
				B9D9C7752B7FB39100B15BA8 /* SwiftDependencyContainer */,
			);
			productName = Template;
			productReference = B90509942B6708EC00D3DE33 /* Template.app */;
			productType = "com.apple.product-type.application";
		};
		B90509A42B6708EE00D3DE33 /* TemplateTests */ = {
			isa = PBXNativeTarget;
			buildConfigurationList = B90509BC2B6708EE00D3DE33 /* Build configuration list for PBXNativeTarget "TemplateTests" */;
			buildPhases = (
				B90509A12B6708EE00D3DE33 /* Sources */,
				B90509A22B6708EE00D3DE33 /* Frameworks */,
				B90509A32B6708EE00D3DE33 /* Resources */,
			);
			buildRules = (
			);
			dependencies = (
				B90509A72B6708EE00D3DE33 /* PBXTargetDependency */,
			);
			name = TemplateTests;
			productName = TemplateTests;
			productReference = B90509A52B6708EE00D3DE33 /* TemplateTests.xctest */;
			productType = "com.apple.product-type.bundle.unit-test";
		};
		B90ED4992BB47C3F00AD2102 /* OnboardingTests */ = {
			isa = PBXNativeTarget;
			buildConfigurationList = B90ED4A32BB47C3F00AD2102 /* Build configuration list for PBXNativeTarget "OnboardingTests" */;
			buildPhases = (
				B90ED4962BB47C3F00AD2102 /* Sources */,
				B90ED4972BB47C3F00AD2102 /* Frameworks */,
				B90ED4982BB47C3F00AD2102 /* Resources */,
			);
			buildRules = (
			);
			dependencies = (
				B90ED4A02BB47C3F00AD2102 /* PBXTargetDependency */,
			);
			name = OnboardingTests;
			productName = OnboardingTests;
			productReference = B90ED49A2BB47C3F00AD2102 /* OnboardingTests.xctest */;
			productType = "com.apple.product-type.bundle.unit-test";
		};
		B927F0432BAB9A8E001D88BB /* Core */ = {
			isa = PBXNativeTarget;
			buildConfigurationList = B927F04C2BAB9A8E001D88BB /* Build configuration list for PBXNativeTarget "Core" */;
			buildPhases = (
				B927F03F2BAB9A8E001D88BB /* Headers */,
				B927F0402BAB9A8E001D88BB /* Sources */,
				B927F0412BAB9A8E001D88BB /* Frameworks */,
				B927F0422BAB9A8E001D88BB /* Resources */,
			);
			buildRules = (
			);
			dependencies = (
				B9676D642BB327AF006F9273 /* PBXTargetDependency */,
				B93AF51E2BACBE1200204C06 /* PBXTargetDependency */,
				B93AF5142BABE72B00204C06 /* PBXTargetDependency */,
			);
			name = Core;
			packageProductDependencies = (
				B998170A2BABD2BC00349606 /* SwiftCopy */,
				B93AF52D2BACDF3400204C06 /* SwiftDependencyContainer */,
				B9858C372BB104A100DE5BF7 /* SwiftEvolution */,
			);
			productName = Core;
			productReference = B927F0442BAB9A8E001D88BB /* Core.framework */;
			productType = "com.apple.product-type.framework";
		};
		B9858BDF2BAE605400DE5BF7 /* Onboarding */ = {
			isa = PBXNativeTarget;
			buildConfigurationList = B9858BE82BAE605400DE5BF7 /* Build configuration list for PBXNativeTarget "Onboarding" */;
			buildPhases = (
				B9858BDB2BAE605400DE5BF7 /* Headers */,
				B9858BDC2BAE605400DE5BF7 /* Sources */,
				B9858BDD2BAE605400DE5BF7 /* Frameworks */,
				B9858BDE2BAE605400DE5BF7 /* Resources */,
			);
			buildRules = (
			);
			dependencies = (
				B9858BF82BAE60B300DE5BF7 /* PBXTargetDependency */,
				B9858BFA2BAE60B300DE5BF7 /* PBXTargetDependency */,
				B9858BFC2BAE60B300DE5BF7 /* PBXTargetDependency */,
				B9858C272BAF373300DE5BF7 /* PBXTargetDependency */,
			);
			name = Onboarding;
			packageProductDependencies = (
				B9858BEF2BAE609000DE5BF7 /* SwiftUDF */,
				B9858BF12BAE609500DE5BF7 /* SwiftCodeGen */,
				B9858BF32BAE609C00DE5BF7 /* SwiftDependencyContainer */,
				B9858BF52BAE60A200DE5BF7 /* SwiftCopy */,
			);
			productName = Onboarding;
			productReference = B9858BE02BAE605400DE5BF7 /* Onboarding.framework */;
			productType = "com.apple.product-type.framework";
		};
		B9858C012BAF362F00DE5BF7 /* Todos */ = {
			isa = PBXNativeTarget;
			buildConfigurationList = B9858C0A2BAF362F00DE5BF7 /* Build configuration list for PBXNativeTarget "Todos" */;
			buildPhases = (
				B9858BFD2BAF362F00DE5BF7 /* Headers */,
				B9858BFE2BAF362F00DE5BF7 /* Sources */,
				B9858BFF2BAF362F00DE5BF7 /* Frameworks */,
				B9858C002BAF362F00DE5BF7 /* Resources */,
			);
			buildRules = (
			);
			dependencies = (
				B9858C162BAF367E00DE5BF7 /* PBXTargetDependency */,
				B9858C182BAF367E00DE5BF7 /* PBXTargetDependency */,
				B9858C1A2BAF367E00DE5BF7 /* PBXTargetDependency */,
				B9858C222BAF372A00DE5BF7 /* PBXTargetDependency */,
			);
			name = Todos;
			packageProductDependencies = (
				B9858C0D2BAF366900DE5BF7 /* SwiftUDF */,
				B9858C0F2BAF366900DE5BF7 /* SwiftCodeGen */,
				B9858C112BAF366900DE5BF7 /* SwiftDependencyContainer */,
				B9858C132BAF366900DE5BF7 /* SwiftCopy */,
				B9858C322BAF39E200DE5BF7 /* InfiniteNavigation */,
			);
			productName = Todos;
			productReference = B9858C022BAF362F00DE5BF7 /* Todos.framework */;
			productType = "com.apple.product-type.framework";
		};
/* End PBXNativeTarget section */

/* Begin PBXProject section */
		B905098C2B6708EC00D3DE33 /* Project object */ = {
			isa = PBXProject;
			attributes = {
				BuildIndependentTargetsInParallel = 1;
				LastSwiftUpdateCheck = 1530;
				LastUpgradeCheck = 1530;
				TargetAttributes = {
					B90509932B6708EC00D3DE33 = {
						CreatedOnToolsVersion = 15.1;
					};
					B90509A42B6708EE00D3DE33 = {
						CreatedOnToolsVersion = 15.1;
						TestTargetID = B90509932B6708EC00D3DE33;
					};
					B90ED4992BB47C3F00AD2102 = {
						CreatedOnToolsVersion = 15.3;
					};
					B927F0432BAB9A8E001D88BB = {
						CreatedOnToolsVersion = 15.3;
					};
					B9858BDF2BAE605400DE5BF7 = {
						CreatedOnToolsVersion = 15.3;
					};
					B9858C012BAF362F00DE5BF7 = {
						CreatedOnToolsVersion = 15.3;
					};
				};
			};
			buildConfigurationList = B905098F2B6708EC00D3DE33 /* Build configuration list for PBXProject "Template" */;
			compatibilityVersion = "Xcode 14.0";
			developmentRegion = en;
			hasScannedForEncodings = 0;
			knownRegions = (
				en,
				Base,
			);
			mainGroup = B905098B2B6708EC00D3DE33;
			packageReferences = (
				B99839182B69AFB1003E87A9 /* XCLocalSwiftPackageReference "../../../../Projects/DSC/swift-unidirectional-data-flow" */,
				B9908E1B2B7538D5009D1309 /* XCLocalSwiftPackageReference "../../../../Projects/DSC/SwiftCodeGen" */,
				B9D9C7742B7FB39100B15BA8 /* XCLocalSwiftPackageReference "../../../../Projects/DSC/SwiftDependencyContainer" */,
				B936DCAF2B8E89160087AA5F /* XCLocalSwiftPackageReference "../../../../Projects/DSC/InfiniteNavigation" */,
				B93AF5102BABE62B00204C06 /* XCLocalSwiftPackageReference "../../../../Projects/DSC/SwiftCopy" */,
				B9858C362BB104A100DE5BF7 /* XCLocalSwiftPackageReference "../../../../Projects/DSC/SwiftEvolution" */,
			);
			productRefGroup = B90509952B6708EC00D3DE33 /* Products */;
			projectDirPath = "";
			projectRoot = "";
			targets = (
				B90509932B6708EC00D3DE33 /* Template */,
				B90509A42B6708EE00D3DE33 /* TemplateTests */,
				B9858BDF2BAE605400DE5BF7 /* Onboarding */,
				B90ED4992BB47C3F00AD2102 /* OnboardingTests */,
				B927F0432BAB9A8E001D88BB /* Core */,
				B9858C012BAF362F00DE5BF7 /* Todos */,
			);
		};
/* End PBXProject section */

/* Begin PBXResourcesBuildPhase section */
		B90509922B6708EC00D3DE33 /* Resources */ = {
			isa = PBXResourcesBuildPhase;
			buildActionMask = 2147483647;
			files = (
				B90509A02B6708EE00D3DE33 /* Preview Assets.xcassets in Resources */,
				B905099C2B6708EE00D3DE33 /* Assets.xcassets in Resources */,
			);
			runOnlyForDeploymentPostprocessing = 0;
		};
		B90509A32B6708EE00D3DE33 /* Resources */ = {
			isa = PBXResourcesBuildPhase;
			buildActionMask = 2147483647;
			files = (
			);
			runOnlyForDeploymentPostprocessing = 0;
		};
		B90ED4982BB47C3F00AD2102 /* Resources */ = {
			isa = PBXResourcesBuildPhase;
			buildActionMask = 2147483647;
			files = (
			);
			runOnlyForDeploymentPostprocessing = 0;
		};
		B927F0422BAB9A8E001D88BB /* Resources */ = {
			isa = PBXResourcesBuildPhase;
			buildActionMask = 2147483647;
			files = (
				B9676D592BB32482006F9273 /* Poppins-ExtraLight.ttf in Resources */,
				B9676D5D2BB32482006F9273 /* Poppins-SemiBold.ttf in Resources */,
				B99817022BABA84700349606 /* Colors.xcassets in Resources */,
				B9676D582BB32482006F9273 /* Poppins-Bold.ttf in Resources */,
				B9676D5C2BB32482006F9273 /* Poppins-Regular.ttf in Resources */,
				B9676D5E2BB32482006F9273 /* Poppins-Thin.ttf in Resources */,
				B9676D5A2BB32482006F9273 /* Poppins-Light.ttf in Resources */,
				B9676D5B2BB32482006F9273 /* Poppins-Medium.ttf in Resources */,
			);
			runOnlyForDeploymentPostprocessing = 0;
		};
		B9858BDE2BAE605400DE5BF7 /* Resources */ = {
			isa = PBXResourcesBuildPhase;
			buildActionMask = 2147483647;
			files = (
			);
			runOnlyForDeploymentPostprocessing = 0;
		};
		B9858C002BAF362F00DE5BF7 /* Resources */ = {
			isa = PBXResourcesBuildPhase;
			buildActionMask = 2147483647;
			files = (
			);
			runOnlyForDeploymentPostprocessing = 0;
		};
/* End PBXResourcesBuildPhase section */

/* Begin PBXSourcesBuildPhase section */
		B90509902B6708EC00D3DE33 /* Sources */ = {
			isa = PBXSourcesBuildPhase;
			buildActionMask = 2147483647;
			files = (
				B998391F2B69B71B003E87A9 /* Dependencies.swift in Sources */,
				B90509982B6708EC00D3DE33 /* TemplateApp.swift in Sources */,
				B9EBFCDC2BB5D2F1005E3A2E /* UserDefaults+Storage.swift in Sources */,
			);
			runOnlyForDeploymentPostprocessing = 0;
		};
		B90509A12B6708EE00D3DE33 /* Sources */ = {
			isa = PBXSourcesBuildPhase;
			buildActionMask = 2147483647;
			files = (
				B90509AA2B6708EE00D3DE33 /* TemplateTests.swift in Sources */,
				B9EBFCE52BBEDA46005E3A2E /* ValueSpy.swift in Sources */,
				B9EBFCE32BBED9F5005E3A2E /* AuthenticationManagerMock.swift in Sources */,
			);
			runOnlyForDeploymentPostprocessing = 0;
		};
		B90ED4962BB47C3F00AD2102 /* Sources */ = {
			isa = PBXSourcesBuildPhase;
			buildActionMask = 2147483647;
			files = (
				B90ED49D2BB47C3F00AD2102 /* OnboardingTests.swift in Sources */,
				B9EBFCE62BBEDA46005E3A2E /* ValueSpy.swift in Sources */,
				B9EBFCE22BBED9F5005E3A2E /* AuthenticationManagerMock.swift in Sources */,
			);
			runOnlyForDeploymentPostprocessing = 0;
		};
		B927F0402BAB9A8E001D88BB /* Sources */ = {
			isa = PBXSourcesBuildPhase;
			buildActionMask = 2147483647;
			files = (
				B927F04F2BAB9AAC001D88BB /* LoadableListView.swift in Sources */,
				B927F0512BAB9AB2001D88BB /* Input.swift in Sources */,
				B927F0522BAB9AB2001D88BB /* Inputable.swift in Sources */,
				B99816E92BAB9B8B00349606 /* Appearance.swift in Sources */,
				B9676D662BB329A6006F9273 /* TextStyle.swift in Sources */,
				B9EBFCEE2BBEEEA2005E3A2E /* HttpEngine+Mock.swift in Sources */,
				B9676D6D2BB334B5006F9273 /* SimpleButton.swift in Sources */,
				B99816E82BAB9B6400349606 /* LoadableData.swift in Sources */,
				B99816E72BAB9B6400349606 /* Completion.swift in Sources */,
				B9EBFCD82BB5D22E005E3A2E /* HttpEngine.swift in Sources */,
				B927F0532BAB9AB2001D88BB /* TextInput.swift in Sources */,
				B99816FA2BABA66D00349606 /* HttpRequestBuilder.swift in Sources */,
				B9676D602BB324EC006F9273 /* Poppins.swift in Sources */,
				B99816FB2BABA66D00349606 /* AuthenticationManager.swift in Sources */,
				B9676D622BB32508006F9273 /* FontResolvable.swift in Sources */,
				B99816FD2BABA66D00349606 /* Storage.swift in Sources */,
				B93AF5232BACC89200204C06 /* BannerView.swift in Sources */,
				B93AF5242BACC89200204C06 /* BannerView+Present.swift in Sources */,
				B9676D6B2BB3349E006F9273 /* PrimaryButton.swift in Sources */,
				B9676D682BB3338C006F9273 /* ColorStyle.swift in Sources */,
				B93AF5252BACC89200204C06 /* BannerManager.swift in Sources */,
			);
			runOnlyForDeploymentPostprocessing = 0;
		};
		B9858BDC2BAE605400DE5BF7 /* Sources */ = {
			isa = PBXSourcesBuildPhase;
			buildActionMask = 2147483647;
			files = (
				B9858BEC2BAE607700DE5BF7 /* LoginView.swift in Sources */,
				B9858BED2BAE607700DE5BF7 /* LoginModel.swift in Sources */,
				B9858BEE2BAE607700DE5BF7 /* LoginLoop.swift in Sources */,
				B9EBFCEC2BBEE055005E3A2E /* AuthenticationManagerImpl.swift in Sources */,
				B9EBFCEA2BBEDE8D005E3A2E /* Api.swift in Sources */,
				B9858BEB2BAE607000DE5BF7 /* Onboarding.swift in Sources */,
			);
			runOnlyForDeploymentPostprocessing = 0;
		};
		B9858BFE2BAF362F00DE5BF7 /* Sources */ = {
			isa = PBXSourcesBuildPhase;
			buildActionMask = 2147483647;
			files = (
				B9858C2C2BAF378F00DE5BF7 /* CreateView.swift in Sources */,
				B9858C2D2BAF378F00DE5BF7 /* CreateLoop.swift in Sources */,
				B9858C2E2BAF378F00DE5BF7 /* CreateModels.swift in Sources */,
				B9EBFCD32BB5D178005E3A2E /* TodosService.swift in Sources */,
				B9858C2F2BAF37A800DE5BF7 /* Navigation.swift in Sources */,
				B9858C1C2BAF36D200DE5BF7 /* ListView.swift in Sources */,
				B9EBFCD62BB5D1E2005E3A2E /* Api.swift in Sources */,
				B9858C292BAF377200DE5BF7 /* DetailView.swift in Sources */,
				B9EBFCD42BB5D1CC005E3A2E /* Todo.swift in Sources */,
				B9858C2A2BAF377200DE5BF7 /* DetailModel.swift in Sources */,
				B9EBFCE72BBEDA46005E3A2E /* ValueSpy.swift in Sources */,
				B9858C2B2BAF377200DE5BF7 /* DetailLoop.swift in Sources */,
				B9858C1D2BAF36D200DE5BF7 /* ListLoop.swift in Sources */,
				B9858C1E2BAF36D200DE5BF7 /* ListModels.swift in Sources */,
				B9EBFCDA2BB5D28D005E3A2E /* Todos.swift in Sources */,
			);
			runOnlyForDeploymentPostprocessing = 0;
		};
/* End PBXSourcesBuildPhase section */

/* Begin PBXTargetDependency section */
		B90509A72B6708EE00D3DE33 /* PBXTargetDependency */ = {
			isa = PBXTargetDependency;
			target = B90509932B6708EC00D3DE33 /* Template */;
			targetProxy = B90509A62B6708EE00D3DE33 /* PBXContainerItemProxy */;
		};
		B90ED4A02BB47C3F00AD2102 /* PBXTargetDependency */ = {
			isa = PBXTargetDependency;
			target = B9858BDF2BAE605400DE5BF7 /* Onboarding */;
			targetProxy = B90ED49F2BB47C3F00AD2102 /* PBXContainerItemProxy */;
		};
		B927F0492BAB9A8E001D88BB /* PBXTargetDependency */ = {
			isa = PBXTargetDependency;
			target = B927F0432BAB9A8E001D88BB /* Core */;
			targetProxy = B927F0482BAB9A8E001D88BB /* PBXContainerItemProxy */;
		};
		B93AF5142BABE72B00204C06 /* PBXTargetDependency */ = {
			isa = PBXTargetDependency;
			productRef = B93AF5132BABE72B00204C06 /* SwiftCopyCodeGeneratorPlugin */;
		};
		B93AF51E2BACBE1200204C06 /* PBXTargetDependency */ = {
			isa = PBXTargetDependency;
			productRef = B93AF51D2BACBE1200204C06 /* SwiftDependencyContainerPlugin */;
		};
		B9676D642BB327AF006F9273 /* PBXTargetDependency */ = {
			isa = PBXTargetDependency;
			productRef = B9676D632BB327AF006F9273 /* SwiftCodeGenPlugin */;
		};
		B9858BD82BAE5CA500DE5BF7 /* PBXTargetDependency */ = {
			isa = PBXTargetDependency;
			productRef = B9858BD72BAE5CA500DE5BF7 /* SwiftCodeGenPlugin */;
		};
		B9858BDA2BAE5CA800DE5BF7 /* PBXTargetDependency */ = {
			isa = PBXTargetDependency;
			productRef = B9858BD92BAE5CA800DE5BF7 /* SwiftCopyCodeGeneratorPlugin */;
		};
		B9858BE52BAE605400DE5BF7 /* PBXTargetDependency */ = {
			isa = PBXTargetDependency;
			target = B9858BDF2BAE605400DE5BF7 /* Onboarding */;
			targetProxy = B9858BE42BAE605400DE5BF7 /* PBXContainerItemProxy */;
		};
		B9858BF82BAE60B300DE5BF7 /* PBXTargetDependency */ = {
			isa = PBXTargetDependency;
			productRef = B9858BF72BAE60B300DE5BF7 /* SwiftCodeGenPlugin */;
		};
		B9858BFA2BAE60B300DE5BF7 /* PBXTargetDependency */ = {
			isa = PBXTargetDependency;
			productRef = B9858BF92BAE60B300DE5BF7 /* SwiftDependencyContainerPlugin */;
		};
		B9858BFC2BAE60B300DE5BF7 /* PBXTargetDependency */ = {
			isa = PBXTargetDependency;
			productRef = B9858BFB2BAE60B300DE5BF7 /* SwiftCopyCodeGeneratorPlugin */;
		};
		B9858C072BAF362F00DE5BF7 /* PBXTargetDependency */ = {
			isa = PBXTargetDependency;
			target = B9858C012BAF362F00DE5BF7 /* Todos */;
			targetProxy = B9858C062BAF362F00DE5BF7 /* PBXContainerItemProxy */;
		};
		B9858C162BAF367E00DE5BF7 /* PBXTargetDependency */ = {
			isa = PBXTargetDependency;
			productRef = B9858C152BAF367E00DE5BF7 /* SwiftCodeGenPlugin */;
		};
		B9858C182BAF367E00DE5BF7 /* PBXTargetDependency */ = {
			isa = PBXTargetDependency;
			productRef = B9858C172BAF367E00DE5BF7 /* SwiftDependencyContainerPlugin */;
		};
		B9858C1A2BAF367E00DE5BF7 /* PBXTargetDependency */ = {
			isa = PBXTargetDependency;
			productRef = B9858C192BAF367E00DE5BF7 /* SwiftCopyCodeGeneratorPlugin */;
		};
		B9858C222BAF372A00DE5BF7 /* PBXTargetDependency */ = {
			isa = PBXTargetDependency;
			target = B927F0432BAB9A8E001D88BB /* Core */;
			targetProxy = B9858C212BAF372A00DE5BF7 /* PBXContainerItemProxy */;
		};
		B9858C272BAF373300DE5BF7 /* PBXTargetDependency */ = {
			isa = PBXTargetDependency;
			target = B927F0432BAB9A8E001D88BB /* Core */;
			targetProxy = B9858C262BAF373300DE5BF7 /* PBXContainerItemProxy */;
		};
		B9908E242B7B1424009D1309 /* PBXTargetDependency */ = {
			isa = PBXTargetDependency;
			productRef = B9908E232B7B1424009D1309 /* SwiftDependencyContainerPlugin */;
		};
/* End PBXTargetDependency section */

/* Begin XCBuildConfiguration section */
		B90509B72B6708EE00D3DE33 /* Debug */ = {
			isa = XCBuildConfiguration;
			buildSettings = {
				ALWAYS_SEARCH_USER_PATHS = NO;
				ASSETCATALOG_COMPILER_GENERATE_SWIFT_ASSET_SYMBOL_EXTENSIONS = YES;
				CLANG_ANALYZER_NONNULL = YES;
				CLANG_ANALYZER_NUMBER_OBJECT_CONVERSION = YES_AGGRESSIVE;
				CLANG_CXX_LANGUAGE_STANDARD = "gnu++20";
				CLANG_ENABLE_MODULES = YES;
				CLANG_ENABLE_OBJC_ARC = YES;
				CLANG_ENABLE_OBJC_WEAK = YES;
				CLANG_WARN_BLOCK_CAPTURE_AUTORELEASING = YES;
				CLANG_WARN_BOOL_CONVERSION = YES;
				CLANG_WARN_COMMA = YES;
				CLANG_WARN_CONSTANT_CONVERSION = YES;
				CLANG_WARN_DEPRECATED_OBJC_IMPLEMENTATIONS = YES;
				CLANG_WARN_DIRECT_OBJC_ISA_USAGE = YES_ERROR;
				CLANG_WARN_DOCUMENTATION_COMMENTS = YES;
				CLANG_WARN_EMPTY_BODY = YES;
				CLANG_WARN_ENUM_CONVERSION = YES;
				CLANG_WARN_INFINITE_RECURSION = YES;
				CLANG_WARN_INT_CONVERSION = YES;
				CLANG_WARN_NON_LITERAL_NULL_CONVERSION = YES;
				CLANG_WARN_OBJC_IMPLICIT_RETAIN_SELF = YES;
				CLANG_WARN_OBJC_LITERAL_CONVERSION = YES;
				CLANG_WARN_OBJC_ROOT_CLASS = YES_ERROR;
				CLANG_WARN_QUOTED_INCLUDE_IN_FRAMEWORK_HEADER = YES;
				CLANG_WARN_RANGE_LOOP_ANALYSIS = YES;
				CLANG_WARN_STRICT_PROTOTYPES = YES;
				CLANG_WARN_SUSPICIOUS_MOVE = YES;
				CLANG_WARN_UNGUARDED_AVAILABILITY = YES_AGGRESSIVE;
				CLANG_WARN_UNREACHABLE_CODE = YES;
				CLANG_WARN__DUPLICATE_METHOD_MATCH = YES;
				COPY_PHASE_STRIP = NO;
				DEAD_CODE_STRIPPING = YES;
				DEBUG_INFORMATION_FORMAT = dwarf;
				ENABLE_STRICT_OBJC_MSGSEND = YES;
				ENABLE_TESTABILITY = YES;
				ENABLE_USER_SCRIPT_SANDBOXING = YES;
				GCC_C_LANGUAGE_STANDARD = gnu17;
				GCC_DYNAMIC_NO_PIC = NO;
				GCC_NO_COMMON_BLOCKS = YES;
				GCC_OPTIMIZATION_LEVEL = 0;
				GCC_PREPROCESSOR_DEFINITIONS = (
					"DEBUG=1",
					"$(inherited)",
				);
				GCC_WARN_64_TO_32_BIT_CONVERSION = YES;
				GCC_WARN_ABOUT_RETURN_TYPE = YES_ERROR;
				GCC_WARN_UNDECLARED_SELECTOR = YES;
				GCC_WARN_UNINITIALIZED_AUTOS = YES_AGGRESSIVE;
				GCC_WARN_UNUSED_FUNCTION = YES;
				GCC_WARN_UNUSED_VARIABLE = YES;
				IPHONEOS_DEPLOYMENT_TARGET = 17.4;
				LOCALIZATION_PREFERS_STRING_CATALOGS = YES;
				MTL_ENABLE_DEBUG_INFO = INCLUDE_SOURCE;
				MTL_FAST_MATH = YES;
				ONLY_ACTIVE_ARCH = YES;
				SWIFT_ACTIVE_COMPILATION_CONDITIONS = "DEBUG $(inherited)";
				SWIFT_OPTIMIZATION_LEVEL = "-Onone";
			};
			name = Debug;
		};
		B90509B82B6708EE00D3DE33 /* Release */ = {
			isa = XCBuildConfiguration;
			buildSettings = {
				ALWAYS_SEARCH_USER_PATHS = NO;
				ASSETCATALOG_COMPILER_GENERATE_SWIFT_ASSET_SYMBOL_EXTENSIONS = YES;
				CLANG_ANALYZER_NONNULL = YES;
				CLANG_ANALYZER_NUMBER_OBJECT_CONVERSION = YES_AGGRESSIVE;
				CLANG_CXX_LANGUAGE_STANDARD = "gnu++20";
				CLANG_ENABLE_MODULES = YES;
				CLANG_ENABLE_OBJC_ARC = YES;
				CLANG_ENABLE_OBJC_WEAK = YES;
				CLANG_WARN_BLOCK_CAPTURE_AUTORELEASING = YES;
				CLANG_WARN_BOOL_CONVERSION = YES;
				CLANG_WARN_COMMA = YES;
				CLANG_WARN_CONSTANT_CONVERSION = YES;
				CLANG_WARN_DEPRECATED_OBJC_IMPLEMENTATIONS = YES;
				CLANG_WARN_DIRECT_OBJC_ISA_USAGE = YES_ERROR;
				CLANG_WARN_DOCUMENTATION_COMMENTS = YES;
				CLANG_WARN_EMPTY_BODY = YES;
				CLANG_WARN_ENUM_CONVERSION = YES;
				CLANG_WARN_INFINITE_RECURSION = YES;
				CLANG_WARN_INT_CONVERSION = YES;
				CLANG_WARN_NON_LITERAL_NULL_CONVERSION = YES;
				CLANG_WARN_OBJC_IMPLICIT_RETAIN_SELF = YES;
				CLANG_WARN_OBJC_LITERAL_CONVERSION = YES;
				CLANG_WARN_OBJC_ROOT_CLASS = YES_ERROR;
				CLANG_WARN_QUOTED_INCLUDE_IN_FRAMEWORK_HEADER = YES;
				CLANG_WARN_RANGE_LOOP_ANALYSIS = YES;
				CLANG_WARN_STRICT_PROTOTYPES = YES;
				CLANG_WARN_SUSPICIOUS_MOVE = YES;
				CLANG_WARN_UNGUARDED_AVAILABILITY = YES_AGGRESSIVE;
				CLANG_WARN_UNREACHABLE_CODE = YES;
				CLANG_WARN__DUPLICATE_METHOD_MATCH = YES;
				COPY_PHASE_STRIP = NO;
				DEAD_CODE_STRIPPING = YES;
				DEBUG_INFORMATION_FORMAT = "dwarf-with-dsym";
				ENABLE_NS_ASSERTIONS = NO;
				ENABLE_STRICT_OBJC_MSGSEND = YES;
				ENABLE_USER_SCRIPT_SANDBOXING = YES;
				GCC_C_LANGUAGE_STANDARD = gnu17;
				GCC_NO_COMMON_BLOCKS = YES;
				GCC_WARN_64_TO_32_BIT_CONVERSION = YES;
				GCC_WARN_ABOUT_RETURN_TYPE = YES_ERROR;
				GCC_WARN_UNDECLARED_SELECTOR = YES;
				GCC_WARN_UNINITIALIZED_AUTOS = YES_AGGRESSIVE;
				GCC_WARN_UNUSED_FUNCTION = YES;
				GCC_WARN_UNUSED_VARIABLE = YES;
				IPHONEOS_DEPLOYMENT_TARGET = 17.4;
				LOCALIZATION_PREFERS_STRING_CATALOGS = YES;
				MTL_ENABLE_DEBUG_INFO = NO;
				MTL_FAST_MATH = YES;
				SWIFT_COMPILATION_MODE = wholemodule;
			};
			name = Release;
		};
		B90509BA2B6708EE00D3DE33 /* Debug */ = {
			isa = XCBuildConfiguration;
			buildSettings = {
				ALWAYS_EMBED_SWIFT_STANDARD_LIBRARIES = YES;
				ASSETCATALOG_COMPILER_APPICON_NAME = AppIcon;
				ASSETCATALOG_COMPILER_GLOBAL_ACCENT_COLOR_NAME = AccentColor;
				CODE_SIGN_ENTITLEMENTS = Template/Resources/Template.entitlements;
				CODE_SIGN_STYLE = Automatic;
				CURRENT_PROJECT_VERSION = 1;
				DEAD_CODE_STRIPPING = YES;
				DEVELOPMENT_ASSET_PATHS = "\"Template/Resources/Preview Content\"";
				DEVELOPMENT_TEAM = C5SE39MZ59;
				ENABLE_HARDENED_RUNTIME = YES;
				ENABLE_PREVIEWS = YES;
				GENERATE_INFOPLIST_FILE = YES;
				"INFOPLIST_KEY_UIApplicationSceneManifest_Generation[sdk=iphoneos*]" = YES;
				"INFOPLIST_KEY_UIApplicationSceneManifest_Generation[sdk=iphonesimulator*]" = YES;
				"INFOPLIST_KEY_UIApplicationSupportsIndirectInputEvents[sdk=iphoneos*]" = YES;
				"INFOPLIST_KEY_UIApplicationSupportsIndirectInputEvents[sdk=iphonesimulator*]" = YES;
				"INFOPLIST_KEY_UILaunchScreen_Generation[sdk=iphoneos*]" = YES;
				"INFOPLIST_KEY_UILaunchScreen_Generation[sdk=iphonesimulator*]" = YES;
				"INFOPLIST_KEY_UIStatusBarStyle[sdk=iphoneos*]" = UIStatusBarStyleDefault;
				"INFOPLIST_KEY_UIStatusBarStyle[sdk=iphonesimulator*]" = UIStatusBarStyleDefault;
				INFOPLIST_KEY_UISupportedInterfaceOrientations = UIInterfaceOrientationPortrait;
				INFOPLIST_KEY_UISupportedInterfaceOrientations_iPad = "UIInterfaceOrientationLandscapeLeft UIInterfaceOrientationLandscapeRight UIInterfaceOrientationPortrait UIInterfaceOrientationPortraitUpsideDown";
				IPHONEOS_DEPLOYMENT_TARGET = 15.0;
				LD_RUNPATH_SEARCH_PATHS = "@executable_path/Frameworks";
				"LD_RUNPATH_SEARCH_PATHS[sdk=macosx*]" = "@executable_path/../Frameworks";
				MACOSX_DEPLOYMENT_TARGET = 12.0;
				MARKETING_VERSION = 1.0;
				PRODUCT_BUNDLE_IDENTIFIER = top1.Template;
				PRODUCT_NAME = "$(TARGET_NAME)";
				SDKROOT = auto;
				SUPPORTED_PLATFORMS = "iphoneos iphonesimulator macosx";
				SWIFT_EMIT_LOC_STRINGS = YES;
				SWIFT_VERSION = 5.0;
				TARGETED_DEVICE_FAMILY = "1,2";
			};
			name = Debug;
		};
		B90509BB2B6708EE00D3DE33 /* Release */ = {
			isa = XCBuildConfiguration;
			buildSettings = {
				ALWAYS_EMBED_SWIFT_STANDARD_LIBRARIES = YES;
				ASSETCATALOG_COMPILER_APPICON_NAME = AppIcon;
				ASSETCATALOG_COMPILER_GLOBAL_ACCENT_COLOR_NAME = AccentColor;
				CODE_SIGN_ENTITLEMENTS = Template/Resources/Template.entitlements;
				CODE_SIGN_STYLE = Automatic;
				CURRENT_PROJECT_VERSION = 1;
				DEAD_CODE_STRIPPING = YES;
				DEVELOPMENT_ASSET_PATHS = "\"Template/Resources/Preview Content\"";
				DEVELOPMENT_TEAM = C5SE39MZ59;
				ENABLE_HARDENED_RUNTIME = YES;
				ENABLE_PREVIEWS = YES;
				GENERATE_INFOPLIST_FILE = YES;
				"INFOPLIST_KEY_UIApplicationSceneManifest_Generation[sdk=iphoneos*]" = YES;
				"INFOPLIST_KEY_UIApplicationSceneManifest_Generation[sdk=iphonesimulator*]" = YES;
				"INFOPLIST_KEY_UIApplicationSupportsIndirectInputEvents[sdk=iphoneos*]" = YES;
				"INFOPLIST_KEY_UIApplicationSupportsIndirectInputEvents[sdk=iphonesimulator*]" = YES;
				"INFOPLIST_KEY_UILaunchScreen_Generation[sdk=iphoneos*]" = YES;
				"INFOPLIST_KEY_UILaunchScreen_Generation[sdk=iphonesimulator*]" = YES;
				"INFOPLIST_KEY_UIStatusBarStyle[sdk=iphoneos*]" = UIStatusBarStyleDefault;
				"INFOPLIST_KEY_UIStatusBarStyle[sdk=iphonesimulator*]" = UIStatusBarStyleDefault;
				INFOPLIST_KEY_UISupportedInterfaceOrientations = UIInterfaceOrientationPortrait;
				INFOPLIST_KEY_UISupportedInterfaceOrientations_iPad = "UIInterfaceOrientationLandscapeLeft UIInterfaceOrientationLandscapeRight UIInterfaceOrientationPortrait UIInterfaceOrientationPortraitUpsideDown";
				IPHONEOS_DEPLOYMENT_TARGET = 15.0;
				LD_RUNPATH_SEARCH_PATHS = "@executable_path/Frameworks";
				"LD_RUNPATH_SEARCH_PATHS[sdk=macosx*]" = "@executable_path/../Frameworks";
				MACOSX_DEPLOYMENT_TARGET = 12.0;
				MARKETING_VERSION = 1.0;
				PRODUCT_BUNDLE_IDENTIFIER = top1.Template;
				PRODUCT_NAME = "$(TARGET_NAME)";
				SDKROOT = auto;
				SUPPORTED_PLATFORMS = "iphoneos iphonesimulator macosx";
				SWIFT_EMIT_LOC_STRINGS = YES;
				SWIFT_VERSION = 5.0;
				TARGETED_DEVICE_FAMILY = "1,2";
			};
			name = Release;
		};
		B90509BD2B6708EE00D3DE33 /* Debug */ = {
			isa = XCBuildConfiguration;
			buildSettings = {
				ALWAYS_EMBED_SWIFT_STANDARD_LIBRARIES = YES;
				BUNDLE_LOADER = "$(TEST_HOST)";
				CODE_SIGN_STYLE = Automatic;
				CURRENT_PROJECT_VERSION = 1;
				DEAD_CODE_STRIPPING = YES;
				DEVELOPMENT_TEAM = C5SE39MZ59;
				GENERATE_INFOPLIST_FILE = YES;
				IPHONEOS_DEPLOYMENT_TARGET = 17.2;
				MACOSX_DEPLOYMENT_TARGET = 13.6;
				MARKETING_VERSION = 1.0;
				PRODUCT_BUNDLE_IDENTIFIER = top1.TemplateTests;
				PRODUCT_NAME = "$(TARGET_NAME)";
				SDKROOT = auto;
				SUPPORTED_PLATFORMS = "iphoneos iphonesimulator macosx";
				SWIFT_EMIT_LOC_STRINGS = NO;
				SWIFT_VERSION = 5.0;
				TARGETED_DEVICE_FAMILY = "1,2";
				TEST_HOST = "$(BUILT_PRODUCTS_DIR)/Template.app/$(BUNDLE_EXECUTABLE_FOLDER_PATH)/Template";
			};
			name = Debug;
		};
		B90509BE2B6708EE00D3DE33 /* Release */ = {
			isa = XCBuildConfiguration;
			buildSettings = {
				ALWAYS_EMBED_SWIFT_STANDARD_LIBRARIES = YES;
				BUNDLE_LOADER = "$(TEST_HOST)";
				CODE_SIGN_STYLE = Automatic;
				CURRENT_PROJECT_VERSION = 1;
				DEAD_CODE_STRIPPING = YES;
				DEVELOPMENT_TEAM = C5SE39MZ59;
				GENERATE_INFOPLIST_FILE = YES;
				IPHONEOS_DEPLOYMENT_TARGET = 17.2;
				MACOSX_DEPLOYMENT_TARGET = 13.6;
				MARKETING_VERSION = 1.0;
				PRODUCT_BUNDLE_IDENTIFIER = top1.TemplateTests;
				PRODUCT_NAME = "$(TARGET_NAME)";
				SDKROOT = auto;
				SUPPORTED_PLATFORMS = "iphoneos iphonesimulator macosx";
				SWIFT_EMIT_LOC_STRINGS = NO;
				SWIFT_VERSION = 5.0;
				TARGETED_DEVICE_FAMILY = "1,2";
				TEST_HOST = "$(BUILT_PRODUCTS_DIR)/Template.app/$(BUNDLE_EXECUTABLE_FOLDER_PATH)/Template";
			};
			name = Release;
		};
		B90ED4A12BB47C3F00AD2102 /* Debug */ = {
			isa = XCBuildConfiguration;
			buildSettings = {
				CODE_SIGN_STYLE = Automatic;
				CURRENT_PROJECT_VERSION = 1;
				DEVELOPMENT_TEAM = C5SE39MZ59;
				GENERATE_INFOPLIST_FILE = YES;
				MARKETING_VERSION = 1.0;
				PRODUCT_BUNDLE_IDENTIFIER = dsc.OnboardingTests;
				PRODUCT_NAME = "$(TARGET_NAME)";
				SDKROOT = iphoneos;
				SWIFT_EMIT_LOC_STRINGS = NO;
				SWIFT_VERSION = 5.0;
				TARGETED_DEVICE_FAMILY = "1,2";
			};
			name = Debug;
		};
		B90ED4A22BB47C3F00AD2102 /* Release */ = {
			isa = XCBuildConfiguration;
			buildSettings = {
				CODE_SIGN_STYLE = Automatic;
				CURRENT_PROJECT_VERSION = 1;
				DEVELOPMENT_TEAM = C5SE39MZ59;
				GENERATE_INFOPLIST_FILE = YES;
				MARKETING_VERSION = 1.0;
				PRODUCT_BUNDLE_IDENTIFIER = dsc.OnboardingTests;
				PRODUCT_NAME = "$(TARGET_NAME)";
				SDKROOT = iphoneos;
				SWIFT_EMIT_LOC_STRINGS = NO;
				SWIFT_VERSION = 5.0;
				TARGETED_DEVICE_FAMILY = "1,2";
				VALIDATE_PRODUCT = YES;
			};
			name = Release;
		};
		B927F04D2BAB9A8E001D88BB /* Debug */ = {
			isa = XCBuildConfiguration;
			buildSettings = {
				BUILD_LIBRARY_FOR_DISTRIBUTION = NO;
				CODE_SIGN_IDENTITY = "";
				CODE_SIGN_STYLE = Automatic;
				CURRENT_PROJECT_VERSION = 1;
				DEFINES_MODULE = NO;
				DEVELOPMENT_TEAM = C5SE39MZ59;
				DYLIB_COMPATIBILITY_VERSION = 1;
				DYLIB_CURRENT_VERSION = 1;
				DYLIB_INSTALL_NAME_BASE = "@rpath";
				ENABLE_MODULE_VERIFIER = YES;
				GENERATE_INFOPLIST_FILE = YES;
				INFOPLIST_KEY_NSHumanReadableCopyright = "";
				INSTALL_PATH = "$(LOCAL_LIBRARY_DIR)/Frameworks";
				IPHONEOS_DEPLOYMENT_TARGET = 15.0;
				LD_RUNPATH_SEARCH_PATHS = (
					"$(inherited)",
					"@executable_path/Frameworks",
					"@loader_path/Frameworks",
				);
				MARKETING_VERSION = 1.0;
				MODULEMAP_FILE = "";
				MODULE_VERIFIER_SUPPORTED_LANGUAGES = "objective-c objective-c++";
				MODULE_VERIFIER_SUPPORTED_LANGUAGE_STANDARDS = "gnu17 gnu++20";
				OTHER_LDFLAGS = "-ld_classic";
				PRODUCT_BUNDLE_IDENTIFIER = dsc.Core;
				PRODUCT_NAME = "$(TARGET_NAME:c99extidentifier)";
				SDKROOT = iphoneos;
				SKIP_INSTALL = YES;
				SWIFT_EMIT_LOC_STRINGS = YES;
				SWIFT_INSTALL_OBJC_HEADER = NO;
				SWIFT_VERSION = 5.0;
				TARGETED_DEVICE_FAMILY = "1,2";
				VERSIONING_SYSTEM = "apple-generic";
				VERSION_INFO_PREFIX = "";
			};
			name = Debug;
		};
		B927F04E2BAB9A8E001D88BB /* Release */ = {
			isa = XCBuildConfiguration;
			buildSettings = {
				BUILD_LIBRARY_FOR_DISTRIBUTION = NO;
				CODE_SIGN_IDENTITY = "";
				CODE_SIGN_STYLE = Automatic;
				CURRENT_PROJECT_VERSION = 1;
				DEFINES_MODULE = NO;
				DEVELOPMENT_TEAM = C5SE39MZ59;
				DYLIB_COMPATIBILITY_VERSION = 1;
				DYLIB_CURRENT_VERSION = 1;
				DYLIB_INSTALL_NAME_BASE = "@rpath";
				ENABLE_MODULE_VERIFIER = YES;
				GENERATE_INFOPLIST_FILE = YES;
				INFOPLIST_KEY_NSHumanReadableCopyright = "";
				INSTALL_PATH = "$(LOCAL_LIBRARY_DIR)/Frameworks";
				IPHONEOS_DEPLOYMENT_TARGET = 15.0;
				LD_RUNPATH_SEARCH_PATHS = (
					"$(inherited)",
					"@executable_path/Frameworks",
					"@loader_path/Frameworks",
				);
				MARKETING_VERSION = 1.0;
				MODULEMAP_FILE = "";
				MODULE_VERIFIER_SUPPORTED_LANGUAGES = "objective-c objective-c++";
				MODULE_VERIFIER_SUPPORTED_LANGUAGE_STANDARDS = "gnu17 gnu++20";
				OTHER_LDFLAGS = "-ld_classic";
				PRODUCT_BUNDLE_IDENTIFIER = dsc.Core;
				PRODUCT_NAME = "$(TARGET_NAME:c99extidentifier)";
				SDKROOT = iphoneos;
				SKIP_INSTALL = YES;
				SWIFT_EMIT_LOC_STRINGS = YES;
				SWIFT_INSTALL_OBJC_HEADER = NO;
				SWIFT_VERSION = 5.0;
				TARGETED_DEVICE_FAMILY = "1,2";
				VALIDATE_PRODUCT = YES;
				VERSIONING_SYSTEM = "apple-generic";
				VERSION_INFO_PREFIX = "";
			};
			name = Release;
		};
		B9858BE92BAE605400DE5BF7 /* Debug */ = {
			isa = XCBuildConfiguration;
			buildSettings = {
				BUILD_LIBRARY_FOR_DISTRIBUTION = NO;
				CODE_SIGN_STYLE = Automatic;
				CURRENT_PROJECT_VERSION = 1;
				DEFINES_MODULE = NO;
				DEVELOPMENT_TEAM = C5SE39MZ59;
				DYLIB_COMPATIBILITY_VERSION = 1;
				DYLIB_CURRENT_VERSION = 1;
				DYLIB_INSTALL_NAME_BASE = "@rpath";
				ENABLE_MODULE_VERIFIER = YES;
				GENERATE_INFOPLIST_FILE = YES;
				INFOPLIST_KEY_NSHumanReadableCopyright = "";
				INSTALL_PATH = "$(LOCAL_LIBRARY_DIR)/Frameworks";
				IPHONEOS_DEPLOYMENT_TARGET = 15.0;
				LD_RUNPATH_SEARCH_PATHS = (
					"$(inherited)",
					"@executable_path/Frameworks",
					"@loader_path/Frameworks",
				);
				MARKETING_VERSION = 1.0;
				MODULE_VERIFIER_SUPPORTED_LANGUAGES = "objective-c objective-c++";
				MODULE_VERIFIER_SUPPORTED_LANGUAGE_STANDARDS = "gnu17 gnu++20";
				PRODUCT_BUNDLE_IDENTIFIER = dsc.Onboarding;
				PRODUCT_NAME = "$(TARGET_NAME:c99extidentifier)";
				SDKROOT = iphoneos;
				SKIP_INSTALL = YES;
				SWIFT_EMIT_LOC_STRINGS = YES;
				SWIFT_INSTALL_OBJC_HEADER = NO;
				SWIFT_VERSION = 5.0;
				TARGETED_DEVICE_FAMILY = "1,2";
				VERSIONING_SYSTEM = "apple-generic";
				VERSION_INFO_PREFIX = "";
			};
			name = Debug;
		};
		B9858BEA2BAE605400DE5BF7 /* Release */ = {
			isa = XCBuildConfiguration;
			buildSettings = {
				BUILD_LIBRARY_FOR_DISTRIBUTION = NO;
				CODE_SIGN_STYLE = Automatic;
				CURRENT_PROJECT_VERSION = 1;
				DEFINES_MODULE = NO;
				DEVELOPMENT_TEAM = C5SE39MZ59;
				DYLIB_COMPATIBILITY_VERSION = 1;
				DYLIB_CURRENT_VERSION = 1;
				DYLIB_INSTALL_NAME_BASE = "@rpath";
				ENABLE_MODULE_VERIFIER = YES;
				GENERATE_INFOPLIST_FILE = YES;
				INFOPLIST_KEY_NSHumanReadableCopyright = "";
				INSTALL_PATH = "$(LOCAL_LIBRARY_DIR)/Frameworks";
				IPHONEOS_DEPLOYMENT_TARGET = 15.0;
				LD_RUNPATH_SEARCH_PATHS = (
					"$(inherited)",
					"@executable_path/Frameworks",
					"@loader_path/Frameworks",
				);
				MARKETING_VERSION = 1.0;
				MODULE_VERIFIER_SUPPORTED_LANGUAGES = "objective-c objective-c++";
				MODULE_VERIFIER_SUPPORTED_LANGUAGE_STANDARDS = "gnu17 gnu++20";
				PRODUCT_BUNDLE_IDENTIFIER = dsc.Onboarding;
				PRODUCT_NAME = "$(TARGET_NAME:c99extidentifier)";
				SDKROOT = iphoneos;
				SKIP_INSTALL = YES;
				SWIFT_EMIT_LOC_STRINGS = YES;
				SWIFT_INSTALL_OBJC_HEADER = NO;
				SWIFT_VERSION = 5.0;
				TARGETED_DEVICE_FAMILY = "1,2";
				VALIDATE_PRODUCT = YES;
				VERSIONING_SYSTEM = "apple-generic";
				VERSION_INFO_PREFIX = "";
			};
			name = Release;
		};
		B9858C0B2BAF362F00DE5BF7 /* Debug */ = {
			isa = XCBuildConfiguration;
			buildSettings = {
				BUILD_LIBRARY_FOR_DISTRIBUTION = NO;
				CODE_SIGN_STYLE = Automatic;
				CURRENT_PROJECT_VERSION = 1;
				DEFINES_MODULE = NO;
				DEVELOPMENT_TEAM = C5SE39MZ59;
				DYLIB_COMPATIBILITY_VERSION = 1;
				DYLIB_CURRENT_VERSION = 1;
				DYLIB_INSTALL_NAME_BASE = "@rpath";
				ENABLE_MODULE_VERIFIER = YES;
				GENERATE_INFOPLIST_FILE = YES;
				INFOPLIST_KEY_NSHumanReadableCopyright = "";
				INSTALL_PATH = "$(LOCAL_LIBRARY_DIR)/Frameworks";
				IPHONEOS_DEPLOYMENT_TARGET = 15.0;
				LD_RUNPATH_SEARCH_PATHS = (
					"$(inherited)",
					"@executable_path/Frameworks",
					"@loader_path/Frameworks",
				);
				MARKETING_VERSION = 1.0;
				MODULE_VERIFIER_SUPPORTED_LANGUAGES = "objective-c objective-c++";
				MODULE_VERIFIER_SUPPORTED_LANGUAGE_STANDARDS = "gnu17 gnu++20";
				PRODUCT_BUNDLE_IDENTIFIER = dsc.Todos;
				PRODUCT_NAME = "$(TARGET_NAME:c99extidentifier)";
				SDKROOT = iphoneos;
				SKIP_INSTALL = YES;
				SWIFT_EMIT_LOC_STRINGS = YES;
				SWIFT_INSTALL_OBJC_HEADER = NO;
				SWIFT_VERSION = 5.0;
				TARGETED_DEVICE_FAMILY = "1,2";
				VERSIONING_SYSTEM = "apple-generic";
				VERSION_INFO_PREFIX = "";
			};
			name = Debug;
		};
		B9858C0C2BAF362F00DE5BF7 /* Release */ = {
			isa = XCBuildConfiguration;
			buildSettings = {
				BUILD_LIBRARY_FOR_DISTRIBUTION = NO;
				CODE_SIGN_STYLE = Automatic;
				CURRENT_PROJECT_VERSION = 1;
				DEFINES_MODULE = NO;
				DEVELOPMENT_TEAM = C5SE39MZ59;
				DYLIB_COMPATIBILITY_VERSION = 1;
				DYLIB_CURRENT_VERSION = 1;
				DYLIB_INSTALL_NAME_BASE = "@rpath";
				ENABLE_MODULE_VERIFIER = YES;
				GENERATE_INFOPLIST_FILE = YES;
				INFOPLIST_KEY_NSHumanReadableCopyright = "";
				INSTALL_PATH = "$(LOCAL_LIBRARY_DIR)/Frameworks";
				IPHONEOS_DEPLOYMENT_TARGET = 15.0;
				LD_RUNPATH_SEARCH_PATHS = (
					"$(inherited)",
					"@executable_path/Frameworks",
					"@loader_path/Frameworks",
				);
				MARKETING_VERSION = 1.0;
				MODULE_VERIFIER_SUPPORTED_LANGUAGES = "objective-c objective-c++";
				MODULE_VERIFIER_SUPPORTED_LANGUAGE_STANDARDS = "gnu17 gnu++20";
				PRODUCT_BUNDLE_IDENTIFIER = dsc.Todos;
				PRODUCT_NAME = "$(TARGET_NAME:c99extidentifier)";
				SDKROOT = iphoneos;
				SKIP_INSTALL = YES;
				SWIFT_EMIT_LOC_STRINGS = YES;
				SWIFT_INSTALL_OBJC_HEADER = NO;
				SWIFT_VERSION = 5.0;
				TARGETED_DEVICE_FAMILY = "1,2";
				VALIDATE_PRODUCT = YES;
				VERSIONING_SYSTEM = "apple-generic";
				VERSION_INFO_PREFIX = "";
			};
			name = Release;
		};
/* End XCBuildConfiguration section */

/* Begin XCConfigurationList section */
		B905098F2B6708EC00D3DE33 /* Build configuration list for PBXProject "Template" */ = {
			isa = XCConfigurationList;
			buildConfigurations = (
				B90509B72B6708EE00D3DE33 /* Debug */,
				B90509B82B6708EE00D3DE33 /* Release */,
			);
			defaultConfigurationIsVisible = 0;
			defaultConfigurationName = Release;
		};
		B90509B92B6708EE00D3DE33 /* Build configuration list for PBXNativeTarget "Template" */ = {
			isa = XCConfigurationList;
			buildConfigurations = (
				B90509BA2B6708EE00D3DE33 /* Debug */,
				B90509BB2B6708EE00D3DE33 /* Release */,
			);
			defaultConfigurationIsVisible = 0;
			defaultConfigurationName = Release;
		};
		B90509BC2B6708EE00D3DE33 /* Build configuration list for PBXNativeTarget "TemplateTests" */ = {
			isa = XCConfigurationList;
			buildConfigurations = (
				B90509BD2B6708EE00D3DE33 /* Debug */,
				B90509BE2B6708EE00D3DE33 /* Release */,
			);
			defaultConfigurationIsVisible = 0;
			defaultConfigurationName = Release;
		};
		B90ED4A32BB47C3F00AD2102 /* Build configuration list for PBXNativeTarget "OnboardingTests" */ = {
			isa = XCConfigurationList;
			buildConfigurations = (
				B90ED4A12BB47C3F00AD2102 /* Debug */,
				B90ED4A22BB47C3F00AD2102 /* Release */,
			);
			defaultConfigurationIsVisible = 0;
			defaultConfigurationName = Release;
		};
		B927F04C2BAB9A8E001D88BB /* Build configuration list for PBXNativeTarget "Core" */ = {
			isa = XCConfigurationList;
			buildConfigurations = (
				B927F04D2BAB9A8E001D88BB /* Debug */,
				B927F04E2BAB9A8E001D88BB /* Release */,
			);
			defaultConfigurationIsVisible = 0;
			defaultConfigurationName = Release;
		};
		B9858BE82BAE605400DE5BF7 /* Build configuration list for PBXNativeTarget "Onboarding" */ = {
			isa = XCConfigurationList;
			buildConfigurations = (
				B9858BE92BAE605400DE5BF7 /* Debug */,
				B9858BEA2BAE605400DE5BF7 /* Release */,
			);
			defaultConfigurationIsVisible = 0;
			defaultConfigurationName = Release;
		};
		B9858C0A2BAF362F00DE5BF7 /* Build configuration list for PBXNativeTarget "Todos" */ = {
			isa = XCConfigurationList;
			buildConfigurations = (
				B9858C0B2BAF362F00DE5BF7 /* Debug */,
				B9858C0C2BAF362F00DE5BF7 /* Release */,
			);
			defaultConfigurationIsVisible = 0;
			defaultConfigurationName = Release;
		};
/* End XCConfigurationList section */

/* Begin XCLocalSwiftPackageReference section */
		B936DCAF2B8E89160087AA5F /* XCLocalSwiftPackageReference "../../../../Projects/DSC/InfiniteNavigation" */ = {
			isa = XCLocalSwiftPackageReference;
			relativePath = ../../../../Projects/DSC/InfiniteNavigation;
		};
		B93AF5102BABE62B00204C06 /* XCLocalSwiftPackageReference "../../../../Projects/DSC/SwiftCopy" */ = {
			isa = XCLocalSwiftPackageReference;
			relativePath = ../../../../Projects/DSC/SwiftCopy;
		};
		B9858C362BB104A100DE5BF7 /* XCLocalSwiftPackageReference "../../../../Projects/DSC/SwiftEvolution" */ = {
			isa = XCLocalSwiftPackageReference;
			relativePath = ../../../../Projects/DSC/SwiftEvolution;
		};
		B9908E1B2B7538D5009D1309 /* XCLocalSwiftPackageReference "../../../../Projects/DSC/SwiftCodeGen" */ = {
			isa = XCLocalSwiftPackageReference;
			relativePath = ../../../../Projects/DSC/SwiftCodeGen;
		};
		B9908E202B7B1418009D1309 /* XCLocalSwiftPackageReference "../../../../Projects/DSC/SwiftDependencyContainer" */ = {
			isa = XCLocalSwiftPackageReference;
			relativePath = ../../../../Projects/DSC/SwiftDependencyContainer;
		};
		B99839182B69AFB1003E87A9 /* XCLocalSwiftPackageReference "../../../../Projects/DSC/swift-unidirectional-data-flow" */ = {
			isa = XCLocalSwiftPackageReference;
			relativePath = "../../../../Projects/DSC/swift-unidirectional-data-flow";
		};
		B9D9C7742B7FB39100B15BA8 /* XCLocalSwiftPackageReference "../../../../Projects/DSC/SwiftDependencyContainer" */ = {
			isa = XCLocalSwiftPackageReference;
			relativePath = ../../../../Projects/DSC/SwiftDependencyContainer;
		};
/* End XCLocalSwiftPackageReference section */

/* Begin XCSwiftPackageProductDependency section */
		B93AF5132BABE72B00204C06 /* SwiftCopyCodeGeneratorPlugin */ = {
			isa = XCSwiftPackageProductDependency;
			package = B93AF5102BABE62B00204C06 /* XCLocalSwiftPackageReference "../../../../Projects/DSC/SwiftCopy" */;
			productName = "plugin:SwiftCopyCodeGeneratorPlugin";
		};
		B93AF51D2BACBE1200204C06 /* SwiftDependencyContainerPlugin */ = {
			isa = XCSwiftPackageProductDependency;
			package = B9D9C7742B7FB39100B15BA8 /* XCLocalSwiftPackageReference "../../../../Projects/DSC/SwiftDependencyContainer" */;
			productName = "plugin:SwiftDependencyContainerPlugin";
		};
		B93AF52D2BACDF3400204C06 /* SwiftDependencyContainer */ = {
			isa = XCSwiftPackageProductDependency;
			package = B9D9C7742B7FB39100B15BA8 /* XCLocalSwiftPackageReference "../../../../Projects/DSC/SwiftDependencyContainer" */;
			productName = SwiftDependencyContainer;
		};
		B9676D632BB327AF006F9273 /* SwiftCodeGenPlugin */ = {
			isa = XCSwiftPackageProductDependency;
			package = B9908E1B2B7538D5009D1309 /* XCLocalSwiftPackageReference "../../../../Projects/DSC/SwiftCodeGen" */;
			productName = "plugin:SwiftCodeGenPlugin";
		};
		B9858BD72BAE5CA500DE5BF7 /* SwiftCodeGenPlugin */ = {
			isa = XCSwiftPackageProductDependency;
			package = B9908E1B2B7538D5009D1309 /* XCLocalSwiftPackageReference "../../../../Projects/DSC/SwiftCodeGen" */;
			productName = "plugin:SwiftCodeGenPlugin";
		};
		B9858BD92BAE5CA800DE5BF7 /* SwiftCopyCodeGeneratorPlugin */ = {
			isa = XCSwiftPackageProductDependency;
			package = B93AF5102BABE62B00204C06 /* XCLocalSwiftPackageReference "../../../../Projects/DSC/SwiftCopy" */;
			productName = "plugin:SwiftCopyCodeGeneratorPlugin";
		};
		B9858BEF2BAE609000DE5BF7 /* SwiftUDF */ = {
			isa = XCSwiftPackageProductDependency;
			package = B99839182B69AFB1003E87A9 /* XCLocalSwiftPackageReference "../../../../Projects/DSC/swift-unidirectional-data-flow" */;
			productName = SwiftUDF;
		};
		B9858BF12BAE609500DE5BF7 /* SwiftCodeGen */ = {
			isa = XCSwiftPackageProductDependency;
			package = B9908E1B2B7538D5009D1309 /* XCLocalSwiftPackageReference "../../../../Projects/DSC/SwiftCodeGen" */;
			productName = SwiftCodeGen;
		};
		B9858BF32BAE609C00DE5BF7 /* SwiftDependencyContainer */ = {
			isa = XCSwiftPackageProductDependency;
			package = B9D9C7742B7FB39100B15BA8 /* XCLocalSwiftPackageReference "../../../../Projects/DSC/SwiftDependencyContainer" */;
			productName = SwiftDependencyContainer;
		};
		B9858BF52BAE60A200DE5BF7 /* SwiftCopy */ = {
			isa = XCSwiftPackageProductDependency;
			package = B93AF5102BABE62B00204C06 /* XCLocalSwiftPackageReference "../../../../Projects/DSC/SwiftCopy" */;
			productName = SwiftCopy;
		};
		B9858BF72BAE60B300DE5BF7 /* SwiftCodeGenPlugin */ = {
			isa = XCSwiftPackageProductDependency;
			package = B9908E1B2B7538D5009D1309 /* XCLocalSwiftPackageReference "../../../../Projects/DSC/SwiftCodeGen" */;
			productName = "plugin:SwiftCodeGenPlugin";
		};
		B9858BF92BAE60B300DE5BF7 /* SwiftDependencyContainerPlugin */ = {
			isa = XCSwiftPackageProductDependency;
			package = B9D9C7742B7FB39100B15BA8 /* XCLocalSwiftPackageReference "../../../../Projects/DSC/SwiftDependencyContainer" */;
			productName = "plugin:SwiftDependencyContainerPlugin";
		};
		B9858BFB2BAE60B300DE5BF7 /* SwiftCopyCodeGeneratorPlugin */ = {
			isa = XCSwiftPackageProductDependency;
			package = B93AF5102BABE62B00204C06 /* XCLocalSwiftPackageReference "../../../../Projects/DSC/SwiftCopy" */;
			productName = "plugin:SwiftCopyCodeGeneratorPlugin";
		};
		B9858C0D2BAF366900DE5BF7 /* SwiftUDF */ = {
			isa = XCSwiftPackageProductDependency;
			package = B99839182B69AFB1003E87A9 /* XCLocalSwiftPackageReference "../../../../Projects/DSC/swift-unidirectional-data-flow" */;
			productName = SwiftUDF;
		};
		B9858C0F2BAF366900DE5BF7 /* SwiftCodeGen */ = {
			isa = XCSwiftPackageProductDependency;
			package = B9908E1B2B7538D5009D1309 /* XCLocalSwiftPackageReference "../../../../Projects/DSC/SwiftCodeGen" */;
			productName = SwiftCodeGen;
		};
		B9858C112BAF366900DE5BF7 /* SwiftDependencyContainer */ = {
			isa = XCSwiftPackageProductDependency;
			package = B9D9C7742B7FB39100B15BA8 /* XCLocalSwiftPackageReference "../../../../Projects/DSC/SwiftDependencyContainer" */;
			productName = SwiftDependencyContainer;
		};
		B9858C132BAF366900DE5BF7 /* SwiftCopy */ = {
			isa = XCSwiftPackageProductDependency;
			package = B93AF5102BABE62B00204C06 /* XCLocalSwiftPackageReference "../../../../Projects/DSC/SwiftCopy" */;
			productName = SwiftCopy;
		};
		B9858C152BAF367E00DE5BF7 /* SwiftCodeGenPlugin */ = {
			isa = XCSwiftPackageProductDependency;
			package = B9908E1B2B7538D5009D1309 /* XCLocalSwiftPackageReference "../../../../Projects/DSC/SwiftCodeGen" */;
			productName = "plugin:SwiftCodeGenPlugin";
		};
		B9858C172BAF367E00DE5BF7 /* SwiftDependencyContainerPlugin */ = {
			isa = XCSwiftPackageProductDependency;
			package = B9D9C7742B7FB39100B15BA8 /* XCLocalSwiftPackageReference "../../../../Projects/DSC/SwiftDependencyContainer" */;
			productName = "plugin:SwiftDependencyContainerPlugin";
		};
		B9858C192BAF367E00DE5BF7 /* SwiftCopyCodeGeneratorPlugin */ = {
			isa = XCSwiftPackageProductDependency;
			package = B93AF5102BABE62B00204C06 /* XCLocalSwiftPackageReference "../../../../Projects/DSC/SwiftCopy" */;
			productName = "plugin:SwiftCopyCodeGeneratorPlugin";
		};
		B9858C322BAF39E200DE5BF7 /* InfiniteNavigation */ = {
			isa = XCSwiftPackageProductDependency;
			package = B936DCAF2B8E89160087AA5F /* XCLocalSwiftPackageReference "../../../../Projects/DSC/InfiniteNavigation" */;
			productName = InfiniteNavigation;
		};
		B9858C372BB104A100DE5BF7 /* SwiftEvolution */ = {
			isa = XCSwiftPackageProductDependency;
			productName = SwiftEvolution;
		};
		B9908E212B7B1418009D1309 /* SwiftDependencyContainer */ = {
			isa = XCSwiftPackageProductDependency;
			productName = SwiftDependencyContainer;
		};
		B9908E232B7B1424009D1309 /* SwiftDependencyContainerPlugin */ = {
			isa = XCSwiftPackageProductDependency;
			package = B9908E202B7B1418009D1309 /* XCLocalSwiftPackageReference "../../../../Projects/DSC/SwiftDependencyContainer" */;
			productName = "plugin:SwiftDependencyContainerPlugin";
		};
		B998170A2BABD2BC00349606 /* SwiftCopy */ = {
			isa = XCSwiftPackageProductDependency;
			productName = SwiftCopy;
		};
		B9D9C7752B7FB39100B15BA8 /* SwiftDependencyContainer */ = {
			isa = XCSwiftPackageProductDependency;
			productName = SwiftDependencyContainer;
		};
/* End XCSwiftPackageProductDependency section */
	};
	rootObject = B905098C2B6708EC00D3DE33 /* Project object */;
}
